// !$*UTF8*$!
{
	archiveVersion = 1;
	classes = {
	};
	objectVersion = 46;
	objects = {

/* Begin PBXBuildFile section */
		18042DB61C92F9BE00BD3AFE /* UIView+LZExtension.m in Sources */ = {isa = PBXBuildFile; fileRef = 18042DB51C92F9BE00BD3AFE /* UIView+LZExtension.m */; };
		18042E0B1C92F9E100BD3AFE /* AFHTTPRequestOperation.m in Sources */ = {isa = PBXBuildFile; fileRef = 18042DB91C92F9E100BD3AFE /* AFHTTPRequestOperation.m */; };
		18042E0C1C92F9E100BD3AFE /* AFHTTPRequestOperationManager.m in Sources */ = {isa = PBXBuildFile; fileRef = 18042DBB1C92F9E100BD3AFE /* AFHTTPRequestOperationManager.m */; };
		18042E0D1C92F9E100BD3AFE /* AFHTTPSessionManager.m in Sources */ = {isa = PBXBuildFile; fileRef = 18042DBD1C92F9E100BD3AFE /* AFHTTPSessionManager.m */; };
		18042E0E1C92F9E100BD3AFE /* AFNetworkReachabilityManager.m in Sources */ = {isa = PBXBuildFile; fileRef = 18042DC01C92F9E100BD3AFE /* AFNetworkReachabilityManager.m */; };
		18042E0F1C92F9E100BD3AFE /* AFSecurityPolicy.m in Sources */ = {isa = PBXBuildFile; fileRef = 18042DC21C92F9E100BD3AFE /* AFSecurityPolicy.m */; };
		18042E101C92F9E100BD3AFE /* AFURLConnectionOperation.m in Sources */ = {isa = PBXBuildFile; fileRef = 18042DC41C92F9E100BD3AFE /* AFURLConnectionOperation.m */; };
		18042E111C92F9E100BD3AFE /* AFURLRequestSerialization.m in Sources */ = {isa = PBXBuildFile; fileRef = 18042DC61C92F9E100BD3AFE /* AFURLRequestSerialization.m */; };
		18042E121C92F9E100BD3AFE /* AFURLResponseSerialization.m in Sources */ = {isa = PBXBuildFile; fileRef = 18042DC81C92F9E100BD3AFE /* AFURLResponseSerialization.m */; };
		18042E131C92F9E100BD3AFE /* AFURLSessionManager.m in Sources */ = {isa = PBXBuildFile; fileRef = 18042DCA1C92F9E100BD3AFE /* AFURLSessionManager.m */; };
		18042E141C92F9E100BD3AFE /* MBProgressHUD+MJ.m in Sources */ = {isa = PBXBuildFile; fileRef = 18042DCD1C92F9E100BD3AFE /* MBProgressHUD+MJ.m */; };
		18042E151C92F9E100BD3AFE /* MBProgressHUD.bundle in Resources */ = {isa = PBXBuildFile; fileRef = 18042DCE1C92F9E100BD3AFE /* MBProgressHUD.bundle */; };
		18042E161C92F9E100BD3AFE /* MBProgressHUD.m in Sources */ = {isa = PBXBuildFile; fileRef = 18042DD01C92F9E100BD3AFE /* MBProgressHUD.m */; };
		18042E171C92F9E100BD3AFE /* MJArgument.m in Sources */ = {isa = PBXBuildFile; fileRef = 18042DD31C92F9E100BD3AFE /* MJArgument.m */; };
		18042E181C92F9E100BD3AFE /* MJConst.m in Sources */ = {isa = PBXBuildFile; fileRef = 18042DD51C92F9E100BD3AFE /* MJConst.m */; };
		18042E191C92F9E100BD3AFE /* MJFoundation.m in Sources */ = {isa = PBXBuildFile; fileRef = 18042DD81C92F9E100BD3AFE /* MJFoundation.m */; };
		18042E1A1C92F9E100BD3AFE /* MJIvar.m in Sources */ = {isa = PBXBuildFile; fileRef = 18042DDA1C92F9E100BD3AFE /* MJIvar.m */; };
		18042E1B1C92F9E100BD3AFE /* MJMember.m in Sources */ = {isa = PBXBuildFile; fileRef = 18042DDC1C92F9E100BD3AFE /* MJMember.m */; };
		18042E1C1C92F9E100BD3AFE /* MJMethod.m in Sources */ = {isa = PBXBuildFile; fileRef = 18042DDE1C92F9E100BD3AFE /* MJMethod.m */; };
		18042E1D1C92F9E100BD3AFE /* MJType.m in Sources */ = {isa = PBXBuildFile; fileRef = 18042DE01C92F9E100BD3AFE /* MJType.m */; };
		18042E1E1C92F9E100BD3AFE /* MJTypeEncoding.m in Sources */ = {isa = PBXBuildFile; fileRef = 18042DE21C92F9E100BD3AFE /* MJTypeEncoding.m */; };
		18042E1F1C92F9E100BD3AFE /* NSObject+MJCoding.m in Sources */ = {isa = PBXBuildFile; fileRef = 18042DE41C92F9E100BD3AFE /* NSObject+MJCoding.m */; };
		18042E201C92F9E100BD3AFE /* NSObject+MJKeyValue.m in Sources */ = {isa = PBXBuildFile; fileRef = 18042DE61C92F9E100BD3AFE /* NSObject+MJKeyValue.m */; };
		18042E211C92F9E100BD3AFE /* NSObject+MJMember.m in Sources */ = {isa = PBXBuildFile; fileRef = 18042DE81C92F9E100BD3AFE /* NSObject+MJMember.m */; };
		18042E221C92F9E100BD3AFE /* MKAnnotationView+WebCache.m in Sources */ = {isa = PBXBuildFile; fileRef = 18042DEB1C92F9E100BD3AFE /* MKAnnotationView+WebCache.m */; };
		18042E231C92F9E100BD3AFE /* NSData+ImageContentType.m in Sources */ = {isa = PBXBuildFile; fileRef = 18042DED1C92F9E100BD3AFE /* NSData+ImageContentType.m */; };
		18042E241C92F9E100BD3AFE /* SDImageCache.m in Sources */ = {isa = PBXBuildFile; fileRef = 18042DEF1C92F9E100BD3AFE /* SDImageCache.m */; };
		18042E251C92F9E100BD3AFE /* SDWebImageCompat.m in Sources */ = {isa = PBXBuildFile; fileRef = 18042DF11C92F9E100BD3AFE /* SDWebImageCompat.m */; };
		18042E261C92F9E100BD3AFE /* SDWebImageDecoder.m in Sources */ = {isa = PBXBuildFile; fileRef = 18042DF31C92F9E100BD3AFE /* SDWebImageDecoder.m */; };
		18042E271C92F9E100BD3AFE /* SDWebImageDownloader.m in Sources */ = {isa = PBXBuildFile; fileRef = 18042DF51C92F9E100BD3AFE /* SDWebImageDownloader.m */; };
		18042E281C92F9E100BD3AFE /* SDWebImageDownloaderOperation.m in Sources */ = {isa = PBXBuildFile; fileRef = 18042DF71C92F9E100BD3AFE /* SDWebImageDownloaderOperation.m */; };
		18042E291C92F9E100BD3AFE /* SDWebImageManager.m in Sources */ = {isa = PBXBuildFile; fileRef = 18042DF91C92F9E100BD3AFE /* SDWebImageManager.m */; };
		18042E2A1C92F9E100BD3AFE /* SDWebImagePrefetcher.m in Sources */ = {isa = PBXBuildFile; fileRef = 18042DFC1C92F9E100BD3AFE /* SDWebImagePrefetcher.m */; };
		18042E2B1C92F9E100BD3AFE /* UIButton+WebCache.m in Sources */ = {isa = PBXBuildFile; fileRef = 18042DFE1C92F9E100BD3AFE /* UIButton+WebCache.m */; };
		18042E2C1C92F9E100BD3AFE /* UIImage+GIF.m in Sources */ = {isa = PBXBuildFile; fileRef = 18042E001C92F9E100BD3AFE /* UIImage+GIF.m */; };
		18042E2D1C92F9E100BD3AFE /* UIImage+MultiFormat.m in Sources */ = {isa = PBXBuildFile; fileRef = 18042E021C92F9E100BD3AFE /* UIImage+MultiFormat.m */; };
		18042E2E1C92F9E100BD3AFE /* UIImage+WebP.m in Sources */ = {isa = PBXBuildFile; fileRef = 18042E041C92F9E100BD3AFE /* UIImage+WebP.m */; };
		18042E2F1C92F9E100BD3AFE /* UIImageView+HighlightedWebCache.m in Sources */ = {isa = PBXBuildFile; fileRef = 18042E061C92F9E100BD3AFE /* UIImageView+HighlightedWebCache.m */; };
		18042E301C92F9E100BD3AFE /* UIImageView+WebCache.m in Sources */ = {isa = PBXBuildFile; fileRef = 18042E081C92F9E100BD3AFE /* UIImageView+WebCache.m */; };
		18042E311C92F9E100BD3AFE /* UIView+WebCacheOperation.m in Sources */ = {isa = PBXBuildFile; fileRef = 18042E0A1C92F9E100BD3AFE /* UIView+WebCacheOperation.m */; };
		18042E351C92FA3F00BD3AFE /* LZAppDelegate.m in Sources */ = {isa = PBXBuildFile; fileRef = 18042E331C92FA3F00BD3AFE /* LZAppDelegate.m */; };
		18042E361C92FA3F00BD3AFE /* main.m in Sources */ = {isa = PBXBuildFile; fileRef = 18042E341C92FA3F00BD3AFE /* main.m */; };
		18042E3B1C92FAE400BD3AFE /* LZNavigationController.m in Sources */ = {isa = PBXBuildFile; fileRef = 18042E381C92FAE400BD3AFE /* LZNavigationController.m */; };
		18042E3C1C92FAE400BD3AFE /* LZTabBarViewController.m in Sources */ = {isa = PBXBuildFile; fileRef = 18042E3A1C92FAE400BD3AFE /* LZTabBarViewController.m */; };
		18042E491C92FBE400BD3AFE /* LZMessageCenterViewController.m in Sources */ = {isa = PBXBuildFile; fileRef = 18042E481C92FBE400BD3AFE /* LZMessageCenterViewController.m */; };
		18042E501C92FC9C00BD3AFE /* LZDiscoverViewController.m in Sources */ = {isa = PBXBuildFile; fileRef = 18042E4D1C92FC9C00BD3AFE /* LZDiscoverViewController.m */; };
		18042E551C92FD0B00BD3AFE /* LZProfileViewController.m in Sources */ = {isa = PBXBuildFile; fileRef = 18042E541C92FD0B00BD3AFE /* LZProfileViewController.m */; };
		18042E581C930E4D00BD3AFE /* NSDate+Extension.m in Sources */ = {isa = PBXBuildFile; fileRef = 18042E571C930E4D00BD3AFE /* NSDate+Extension.m */; };
		18042E5B1C93197000BD3AFE /* NSString+Extension.m in Sources */ = {isa = PBXBuildFile; fileRef = 18042E5A1C93197000BD3AFE /* NSString+Extension.m */; };
		18042E5E1C931D9D00BD3AFE /* LZStatusPhotosView.m in Sources */ = {isa = PBXBuildFile; fileRef = 18042E5D1C931D9D00BD3AFE /* LZStatusPhotosView.m */; };
		18042E611C931E2000BD3AFE /* LZStatusPhotoView.m in Sources */ = {isa = PBXBuildFile; fileRef = 18042E601C931E2000BD3AFE /* LZStatusPhotoView.m */; };
		18042E641C931F0100BD3AFE /* LZIconView.m in Sources */ = {isa = PBXBuildFile; fileRef = 18042E631C931F0100BD3AFE /* LZIconView.m */; };
		1820E8091C85F85B00956845 /* LZTabBar.m in Sources */ = {isa = PBXBuildFile; fileRef = 1820E8081C85F85B00956845 /* LZTabBar.m */; };
		182E2A541C8BFFAB00836441 /* LZTitleButton.m in Sources */ = {isa = PBXBuildFile; fileRef = 182E2A531C8BFFAB00836441 /* LZTitleButton.m */; };
		1834F0A51C81D14C00765525 /* LZHomeViewController.m in Sources */ = {isa = PBXBuildFile; fileRef = 1834F0851C81D14C00765525 /* LZHomeViewController.m */; };
		1834F0AF1C81DA0A00765525 /* UIBarButtonItem+LZExtension.m in Sources */ = {isa = PBXBuildFile; fileRef = 1834F0AE1C81DA0A00765525 /* UIBarButtonItem+LZExtension.m */; };
		183C06591C8EC7AE0060292D /* LZUserCell.m in Sources */ = {isa = PBXBuildFile; fileRef = 183C06571C8EC7AE0060292D /* LZUserCell.m */; };
		183C065A1C8EC7AE0060292D /* LZUserCell.xib in Resources */ = {isa = PBXBuildFile; fileRef = 183C06581C8EC7AE0060292D /* LZUserCell.xib */; };
		183C065D1C8F2E890060292D /* LZLoadMoreFooter.m in Sources */ = {isa = PBXBuildFile; fileRef = 183C065C1C8F2E890060292D /* LZLoadMoreFooter.m */; };
		183C065F1C8F2E9E0060292D /* LZLoadMoreFooter.xib in Resources */ = {isa = PBXBuildFile; fileRef = 183C065E1C8F2E9E0060292D /* LZLoadMoreFooter.xib */; };
		185D39481C91900500AA0E00 /* LZPhoto.m in Sources */ = {isa = PBXBuildFile; fileRef = 185D39471C91900500AA0E00 /* LZPhoto.m */; };
		185D394B1C91B76800AA0E00 /* LZStatusToolbar.m in Sources */ = {isa = PBXBuildFile; fileRef = 185D394A1C91B76800AA0E00 /* LZStatusToolbar.m */; };
		18630EEA1C8A7C0C00D2445E /* LZAccountTool.m in Sources */ = {isa = PBXBuildFile; fileRef = 18630EE91C8A7C0C00D2445E /* LZAccountTool.m */; };
		1880F7291C9071AE005B2456 /* LZStatusCell.m in Sources */ = {isa = PBXBuildFile; fileRef = 1880F7281C9071AE005B2456 /* LZStatusCell.m */; };
		1880F72C1C9071E2005B2456 /* LZStatusFrame.m in Sources */ = {isa = PBXBuildFile; fileRef = 1880F72B1C9071E2005B2456 /* LZStatusFrame.m */; };
		1893CF0C1C78114D005C5F66 /* Assets.xcassets in Resources */ = {isa = PBXBuildFile; fileRef = 1893CF0B1C78114D005C5F66 /* Assets.xcassets */; };
		1893CF0F1C78114D005C5F66 /* LaunchScreen.storyboard in Resources */ = {isa = PBXBuildFile; fileRef = 1893CF0D1C78114D005C5F66 /* LaunchScreen.storyboard */; };
		1894182E1C86872600B284BA /* LZNewfeatureViewController.m in Sources */ = {isa = PBXBuildFile; fileRef = 1894182D1C86872600B284BA /* LZNewfeatureViewController.m */; };
		1894187F1C870C8500B284BA /* LZOAuthViewController.m in Sources */ = {isa = PBXBuildFile; fileRef = 1894187E1C870C8500B284BA /* LZOAuthViewController.m */; };
		189434261C88733300BEB073 /* LZAccount.m in Sources */ = {isa = PBXBuildFile; fileRef = 189434251C88733300BEB073 /* LZAccount.m */; };
		18BA28A31C8DDA5600BCF0DD /* LZStatus.m in Sources */ = {isa = PBXBuildFile; fileRef = 18BA28A01C8DDA5600BCF0DD /* LZStatus.m */; };
		18BA28A41C8DDA5600BCF0DD /* LZUser.m in Sources */ = {isa = PBXBuildFile; fileRef = 18BA28A21C8DDA5600BCF0DD /* LZUser.m */; };
		18BED61C1C85435E000BC2A0 /* LZSearchBar.m in Sources */ = {isa = PBXBuildFile; fileRef = 18BED61B1C85435E000BC2A0 /* LZSearchBar.m */; };
		18BED61F1C856C93000BC2A0 /* LZDropdownMenu.m in Sources */ = {isa = PBXBuildFile; fileRef = 18BED61E1C856C93000BC2A0 /* LZDropdownMenu.m */; };
		18BED6221C858508000BC2A0 /* LZTitleMenuViewController.m in Sources */ = {isa = PBXBuildFile; fileRef = 18BED6211C858508000BC2A0 /* LZTitleMenuViewController.m */; };
		18E3331F1C8AD9D000AE5B6E /* UIWindow+Extension.m in Sources */ = {isa = PBXBuildFile; fileRef = 18E3331E1C8AD9D000AE5B6E /* UIWindow+Extension.m */; };
		18E333211C8AF75D00AE5B6E /* Foundation+Log.m in Sources */ = {isa = PBXBuildFile; fileRef = 18E333201C8AF75D00AE5B6E /* Foundation+Log.m */; };
/* End PBXBuildFile section */

/* Begin PBXFileReference section */
		18042DB41C92F9BE00BD3AFE /* UIView+LZExtension.h */ = {isa = PBXFileReference; fileEncoding = 4; lastKnownFileType = sourcecode.c.h; path = "UIView+LZExtension.h"; sourceTree = "<group>"; };
		18042DB51C92F9BE00BD3AFE /* UIView+LZExtension.m */ = {isa = PBXFileReference; fileEncoding = 4; lastKnownFileType = sourcecode.c.objc; path = "UIView+LZExtension.m"; sourceTree = "<group>"; };
		18042DB81C92F9E100BD3AFE /* AFHTTPRequestOperation.h */ = {isa = PBXFileReference; fileEncoding = 4; lastKnownFileType = sourcecode.c.h; path = AFHTTPRequestOperation.h; sourceTree = "<group>"; };
		18042DB91C92F9E100BD3AFE /* AFHTTPRequestOperation.m */ = {isa = PBXFileReference; fileEncoding = 4; lastKnownFileType = sourcecode.c.objc; path = AFHTTPRequestOperation.m; sourceTree = "<group>"; };
		18042DBA1C92F9E100BD3AFE /* AFHTTPRequestOperationManager.h */ = {isa = PBXFileReference; fileEncoding = 4; lastKnownFileType = sourcecode.c.h; path = AFHTTPRequestOperationManager.h; sourceTree = "<group>"; };
		18042DBB1C92F9E100BD3AFE /* AFHTTPRequestOperationManager.m */ = {isa = PBXFileReference; fileEncoding = 4; lastKnownFileType = sourcecode.c.objc; path = AFHTTPRequestOperationManager.m; sourceTree = "<group>"; };
		18042DBC1C92F9E100BD3AFE /* AFHTTPSessionManager.h */ = {isa = PBXFileReference; fileEncoding = 4; lastKnownFileType = sourcecode.c.h; path = AFHTTPSessionManager.h; sourceTree = "<group>"; };
		18042DBD1C92F9E100BD3AFE /* AFHTTPSessionManager.m */ = {isa = PBXFileReference; fileEncoding = 4; lastKnownFileType = sourcecode.c.objc; path = AFHTTPSessionManager.m; sourceTree = "<group>"; };
		18042DBE1C92F9E100BD3AFE /* AFNetworking.h */ = {isa = PBXFileReference; fileEncoding = 4; lastKnownFileType = sourcecode.c.h; path = AFNetworking.h; sourceTree = "<group>"; };
		18042DBF1C92F9E100BD3AFE /* AFNetworkReachabilityManager.h */ = {isa = PBXFileReference; fileEncoding = 4; lastKnownFileType = sourcecode.c.h; path = AFNetworkReachabilityManager.h; sourceTree = "<group>"; };
		18042DC01C92F9E100BD3AFE /* AFNetworkReachabilityManager.m */ = {isa = PBXFileReference; fileEncoding = 4; lastKnownFileType = sourcecode.c.objc; path = AFNetworkReachabilityManager.m; sourceTree = "<group>"; };
		18042DC11C92F9E100BD3AFE /* AFSecurityPolicy.h */ = {isa = PBXFileReference; fileEncoding = 4; lastKnownFileType = sourcecode.c.h; path = AFSecurityPolicy.h; sourceTree = "<group>"; };
		18042DC21C92F9E100BD3AFE /* AFSecurityPolicy.m */ = {isa = PBXFileReference; fileEncoding = 4; lastKnownFileType = sourcecode.c.objc; path = AFSecurityPolicy.m; sourceTree = "<group>"; };
		18042DC31C92F9E100BD3AFE /* AFURLConnectionOperation.h */ = {isa = PBXFileReference; fileEncoding = 4; lastKnownFileType = sourcecode.c.h; path = AFURLConnectionOperation.h; sourceTree = "<group>"; };
		18042DC41C92F9E100BD3AFE /* AFURLConnectionOperation.m */ = {isa = PBXFileReference; fileEncoding = 4; lastKnownFileType = sourcecode.c.objc; path = AFURLConnectionOperation.m; sourceTree = "<group>"; };
		18042DC51C92F9E100BD3AFE /* AFURLRequestSerialization.h */ = {isa = PBXFileReference; fileEncoding = 4; lastKnownFileType = sourcecode.c.h; path = AFURLRequestSerialization.h; sourceTree = "<group>"; };
		18042DC61C92F9E100BD3AFE /* AFURLRequestSerialization.m */ = {isa = PBXFileReference; fileEncoding = 4; lastKnownFileType = sourcecode.c.objc; path = AFURLRequestSerialization.m; sourceTree = "<group>"; };
		18042DC71C92F9E100BD3AFE /* AFURLResponseSerialization.h */ = {isa = PBXFileReference; fileEncoding = 4; lastKnownFileType = sourcecode.c.h; path = AFURLResponseSerialization.h; sourceTree = "<group>"; };
		18042DC81C92F9E100BD3AFE /* AFURLResponseSerialization.m */ = {isa = PBXFileReference; fileEncoding = 4; lastKnownFileType = sourcecode.c.objc; path = AFURLResponseSerialization.m; sourceTree = "<group>"; };
		18042DC91C92F9E100BD3AFE /* AFURLSessionManager.h */ = {isa = PBXFileReference; fileEncoding = 4; lastKnownFileType = sourcecode.c.h; path = AFURLSessionManager.h; sourceTree = "<group>"; };
		18042DCA1C92F9E100BD3AFE /* AFURLSessionManager.m */ = {isa = PBXFileReference; fileEncoding = 4; lastKnownFileType = sourcecode.c.objc; path = AFURLSessionManager.m; sourceTree = "<group>"; };
		18042DCC1C92F9E100BD3AFE /* MBProgressHUD+MJ.h */ = {isa = PBXFileReference; fileEncoding = 4; lastKnownFileType = sourcecode.c.h; path = "MBProgressHUD+MJ.h"; sourceTree = "<group>"; };
		18042DCD1C92F9E100BD3AFE /* MBProgressHUD+MJ.m */ = {isa = PBXFileReference; fileEncoding = 4; lastKnownFileType = sourcecode.c.objc; path = "MBProgressHUD+MJ.m"; sourceTree = "<group>"; };
		18042DCE1C92F9E100BD3AFE /* MBProgressHUD.bundle */ = {isa = PBXFileReference; lastKnownFileType = "wrapper.plug-in"; path = MBProgressHUD.bundle; sourceTree = "<group>"; };
		18042DCF1C92F9E100BD3AFE /* MBProgressHUD.h */ = {isa = PBXFileReference; fileEncoding = 4; lastKnownFileType = sourcecode.c.h; path = MBProgressHUD.h; sourceTree = "<group>"; };
		18042DD01C92F9E100BD3AFE /* MBProgressHUD.m */ = {isa = PBXFileReference; fileEncoding = 4; lastKnownFileType = sourcecode.c.objc; path = MBProgressHUD.m; sourceTree = "<group>"; };
		18042DD21C92F9E100BD3AFE /* MJArgument.h */ = {isa = PBXFileReference; fileEncoding = 4; lastKnownFileType = sourcecode.c.h; path = MJArgument.h; sourceTree = "<group>"; };
		18042DD31C92F9E100BD3AFE /* MJArgument.m */ = {isa = PBXFileReference; fileEncoding = 4; lastKnownFileType = sourcecode.c.objc; path = MJArgument.m; sourceTree = "<group>"; };
		18042DD41C92F9E100BD3AFE /* MJConst.h */ = {isa = PBXFileReference; fileEncoding = 4; lastKnownFileType = sourcecode.c.h; path = MJConst.h; sourceTree = "<group>"; };
		18042DD51C92F9E100BD3AFE /* MJConst.m */ = {isa = PBXFileReference; fileEncoding = 4; lastKnownFileType = sourcecode.c.objc; path = MJConst.m; sourceTree = "<group>"; };
		18042DD61C92F9E100BD3AFE /* MJExtension.h */ = {isa = PBXFileReference; fileEncoding = 4; lastKnownFileType = sourcecode.c.h; path = MJExtension.h; sourceTree = "<group>"; };
		18042DD71C92F9E100BD3AFE /* MJFoundation.h */ = {isa = PBXFileReference; fileEncoding = 4; lastKnownFileType = sourcecode.c.h; path = MJFoundation.h; sourceTree = "<group>"; };
		18042DD81C92F9E100BD3AFE /* MJFoundation.m */ = {isa = PBXFileReference; fileEncoding = 4; lastKnownFileType = sourcecode.c.objc; path = MJFoundation.m; sourceTree = "<group>"; };
		18042DD91C92F9E100BD3AFE /* MJIvar.h */ = {isa = PBXFileReference; fileEncoding = 4; lastKnownFileType = sourcecode.c.h; path = MJIvar.h; sourceTree = "<group>"; };
		18042DDA1C92F9E100BD3AFE /* MJIvar.m */ = {isa = PBXFileReference; fileEncoding = 4; lastKnownFileType = sourcecode.c.objc; path = MJIvar.m; sourceTree = "<group>"; };
		18042DDB1C92F9E100BD3AFE /* MJMember.h */ = {isa = PBXFileReference; fileEncoding = 4; lastKnownFileType = sourcecode.c.h; path = MJMember.h; sourceTree = "<group>"; };
		18042DDC1C92F9E100BD3AFE /* MJMember.m */ = {isa = PBXFileReference; fileEncoding = 4; lastKnownFileType = sourcecode.c.objc; path = MJMember.m; sourceTree = "<group>"; };
		18042DDD1C92F9E100BD3AFE /* MJMethod.h */ = {isa = PBXFileReference; fileEncoding = 4; lastKnownFileType = sourcecode.c.h; path = MJMethod.h; sourceTree = "<group>"; };
		18042DDE1C92F9E100BD3AFE /* MJMethod.m */ = {isa = PBXFileReference; fileEncoding = 4; lastKnownFileType = sourcecode.c.objc; path = MJMethod.m; sourceTree = "<group>"; };
		18042DDF1C92F9E100BD3AFE /* MJType.h */ = {isa = PBXFileReference; fileEncoding = 4; lastKnownFileType = sourcecode.c.h; path = MJType.h; sourceTree = "<group>"; };
		18042DE01C92F9E100BD3AFE /* MJType.m */ = {isa = PBXFileReference; fileEncoding = 4; lastKnownFileType = sourcecode.c.objc; path = MJType.m; sourceTree = "<group>"; };
		18042DE11C92F9E100BD3AFE /* MJTypeEncoding.h */ = {isa = PBXFileReference; fileEncoding = 4; lastKnownFileType = sourcecode.c.h; path = MJTypeEncoding.h; sourceTree = "<group>"; };
		18042DE21C92F9E100BD3AFE /* MJTypeEncoding.m */ = {isa = PBXFileReference; fileEncoding = 4; lastKnownFileType = sourcecode.c.objc; path = MJTypeEncoding.m; sourceTree = "<group>"; };
		18042DE31C92F9E100BD3AFE /* NSObject+MJCoding.h */ = {isa = PBXFileReference; fileEncoding = 4; lastKnownFileType = sourcecode.c.h; path = "NSObject+MJCoding.h"; sourceTree = "<group>"; };
		18042DE41C92F9E100BD3AFE /* NSObject+MJCoding.m */ = {isa = PBXFileReference; fileEncoding = 4; lastKnownFileType = sourcecode.c.objc; path = "NSObject+MJCoding.m"; sourceTree = "<group>"; };
		18042DE51C92F9E100BD3AFE /* NSObject+MJKeyValue.h */ = {isa = PBXFileReference; fileEncoding = 4; lastKnownFileType = sourcecode.c.h; path = "NSObject+MJKeyValue.h"; sourceTree = "<group>"; };
		18042DE61C92F9E100BD3AFE /* NSObject+MJKeyValue.m */ = {isa = PBXFileReference; fileEncoding = 4; lastKnownFileType = sourcecode.c.objc; path = "NSObject+MJKeyValue.m"; sourceTree = "<group>"; };
		18042DE71C92F9E100BD3AFE /* NSObject+MJMember.h */ = {isa = PBXFileReference; fileEncoding = 4; lastKnownFileType = sourcecode.c.h; path = "NSObject+MJMember.h"; sourceTree = "<group>"; };
		18042DE81C92F9E100BD3AFE /* NSObject+MJMember.m */ = {isa = PBXFileReference; fileEncoding = 4; lastKnownFileType = sourcecode.c.objc; path = "NSObject+MJMember.m"; sourceTree = "<group>"; };
		18042DEA1C92F9E100BD3AFE /* MKAnnotationView+WebCache.h */ = {isa = PBXFileReference; fileEncoding = 4; lastKnownFileType = sourcecode.c.h; path = "MKAnnotationView+WebCache.h"; sourceTree = "<group>"; };
		18042DEB1C92F9E100BD3AFE /* MKAnnotationView+WebCache.m */ = {isa = PBXFileReference; fileEncoding = 4; lastKnownFileType = sourcecode.c.objc; path = "MKAnnotationView+WebCache.m"; sourceTree = "<group>"; };
		18042DEC1C92F9E100BD3AFE /* NSData+ImageContentType.h */ = {isa = PBXFileReference; fileEncoding = 4; lastKnownFileType = sourcecode.c.h; path = "NSData+ImageContentType.h"; sourceTree = "<group>"; };
		18042DED1C92F9E100BD3AFE /* NSData+ImageContentType.m */ = {isa = PBXFileReference; fileEncoding = 4; lastKnownFileType = sourcecode.c.objc; path = "NSData+ImageContentType.m"; sourceTree = "<group>"; };
		18042DEE1C92F9E100BD3AFE /* SDImageCache.h */ = {isa = PBXFileReference; fileEncoding = 4; lastKnownFileType = sourcecode.c.h; path = SDImageCache.h; sourceTree = "<group>"; };
		18042DEF1C92F9E100BD3AFE /* SDImageCache.m */ = {isa = PBXFileReference; fileEncoding = 4; lastKnownFileType = sourcecode.c.objc; path = SDImageCache.m; sourceTree = "<group>"; };
		18042DF01C92F9E100BD3AFE /* SDWebImageCompat.h */ = {isa = PBXFileReference; fileEncoding = 4; lastKnownFileType = sourcecode.c.h; path = SDWebImageCompat.h; sourceTree = "<group>"; };
		18042DF11C92F9E100BD3AFE /* SDWebImageCompat.m */ = {isa = PBXFileReference; fileEncoding = 4; lastKnownFileType = sourcecode.c.objc; path = SDWebImageCompat.m; sourceTree = "<group>"; };
		18042DF21C92F9E100BD3AFE /* SDWebImageDecoder.h */ = {isa = PBXFileReference; fileEncoding = 4; lastKnownFileType = sourcecode.c.h; path = SDWebImageDecoder.h; sourceTree = "<group>"; };
		18042DF31C92F9E100BD3AFE /* SDWebImageDecoder.m */ = {isa = PBXFileReference; fileEncoding = 4; lastKnownFileType = sourcecode.c.objc; path = SDWebImageDecoder.m; sourceTree = "<group>"; };
		18042DF41C92F9E100BD3AFE /* SDWebImageDownloader.h */ = {isa = PBXFileReference; fileEncoding = 4; lastKnownFileType = sourcecode.c.h; path = SDWebImageDownloader.h; sourceTree = "<group>"; };
		18042DF51C92F9E100BD3AFE /* SDWebImageDownloader.m */ = {isa = PBXFileReference; fileEncoding = 4; lastKnownFileType = sourcecode.c.objc; path = SDWebImageDownloader.m; sourceTree = "<group>"; };
		18042DF61C92F9E100BD3AFE /* SDWebImageDownloaderOperation.h */ = {isa = PBXFileReference; fileEncoding = 4; lastKnownFileType = sourcecode.c.h; path = SDWebImageDownloaderOperation.h; sourceTree = "<group>"; };
		18042DF71C92F9E100BD3AFE /* SDWebImageDownloaderOperation.m */ = {isa = PBXFileReference; fileEncoding = 4; lastKnownFileType = sourcecode.c.objc; path = SDWebImageDownloaderOperation.m; sourceTree = "<group>"; };
		18042DF81C92F9E100BD3AFE /* SDWebImageManager.h */ = {isa = PBXFileReference; fileEncoding = 4; lastKnownFileType = sourcecode.c.h; path = SDWebImageManager.h; sourceTree = "<group>"; };
		18042DF91C92F9E100BD3AFE /* SDWebImageManager.m */ = {isa = PBXFileReference; fileEncoding = 4; lastKnownFileType = sourcecode.c.objc; path = SDWebImageManager.m; sourceTree = "<group>"; };
		18042DFA1C92F9E100BD3AFE /* SDWebImageOperation.h */ = {isa = PBXFileReference; fileEncoding = 4; lastKnownFileType = sourcecode.c.h; path = SDWebImageOperation.h; sourceTree = "<group>"; };
		18042DFB1C92F9E100BD3AFE /* SDWebImagePrefetcher.h */ = {isa = PBXFileReference; fileEncoding = 4; lastKnownFileType = sourcecode.c.h; path = SDWebImagePrefetcher.h; sourceTree = "<group>"; };
		18042DFC1C92F9E100BD3AFE /* SDWebImagePrefetcher.m */ = {isa = PBXFileReference; fileEncoding = 4; lastKnownFileType = sourcecode.c.objc; path = SDWebImagePrefetcher.m; sourceTree = "<group>"; };
		18042DFD1C92F9E100BD3AFE /* UIButton+WebCache.h */ = {isa = PBXFileReference; fileEncoding = 4; lastKnownFileType = sourcecode.c.h; path = "UIButton+WebCache.h"; sourceTree = "<group>"; };
		18042DFE1C92F9E100BD3AFE /* UIButton+WebCache.m */ = {isa = PBXFileReference; fileEncoding = 4; lastKnownFileType = sourcecode.c.objc; path = "UIButton+WebCache.m"; sourceTree = "<group>"; };
		18042DFF1C92F9E100BD3AFE /* UIImage+GIF.h */ = {isa = PBXFileReference; fileEncoding = 4; lastKnownFileType = sourcecode.c.h; path = "UIImage+GIF.h"; sourceTree = "<group>"; };
		18042E001C92F9E100BD3AFE /* UIImage+GIF.m */ = {isa = PBXFileReference; fileEncoding = 4; lastKnownFileType = sourcecode.c.objc; path = "UIImage+GIF.m"; sourceTree = "<group>"; };
		18042E011C92F9E100BD3AFE /* UIImage+MultiFormat.h */ = {isa = PBXFileReference; fileEncoding = 4; lastKnownFileType = sourcecode.c.h; path = "UIImage+MultiFormat.h"; sourceTree = "<group>"; };
		18042E021C92F9E100BD3AFE /* UIImage+MultiFormat.m */ = {isa = PBXFileReference; fileEncoding = 4; lastKnownFileType = sourcecode.c.objc; path = "UIImage+MultiFormat.m"; sourceTree = "<group>"; };
		18042E031C92F9E100BD3AFE /* UIImage+WebP.h */ = {isa = PBXFileReference; fileEncoding = 4; lastKnownFileType = sourcecode.c.h; path = "UIImage+WebP.h"; sourceTree = "<group>"; };
		18042E041C92F9E100BD3AFE /* UIImage+WebP.m */ = {isa = PBXFileReference; fileEncoding = 4; lastKnownFileType = sourcecode.c.objc; path = "UIImage+WebP.m"; sourceTree = "<group>"; };
		18042E051C92F9E100BD3AFE /* UIImageView+HighlightedWebCache.h */ = {isa = PBXFileReference; fileEncoding = 4; lastKnownFileType = sourcecode.c.h; path = "UIImageView+HighlightedWebCache.h"; sourceTree = "<group>"; };
		18042E061C92F9E100BD3AFE /* UIImageView+HighlightedWebCache.m */ = {isa = PBXFileReference; fileEncoding = 4; lastKnownFileType = sourcecode.c.objc; path = "UIImageView+HighlightedWebCache.m"; sourceTree = "<group>"; };
		18042E071C92F9E100BD3AFE /* UIImageView+WebCache.h */ = {isa = PBXFileReference; fileEncoding = 4; lastKnownFileType = sourcecode.c.h; path = "UIImageView+WebCache.h"; sourceTree = "<group>"; };
		18042E081C92F9E100BD3AFE /* UIImageView+WebCache.m */ = {isa = PBXFileReference; fileEncoding = 4; lastKnownFileType = sourcecode.c.objc; path = "UIImageView+WebCache.m"; sourceTree = "<group>"; };
		18042E091C92F9E100BD3AFE /* UIView+WebCacheOperation.h */ = {isa = PBXFileReference; fileEncoding = 4; lastKnownFileType = sourcecode.c.h; path = "UIView+WebCacheOperation.h"; sourceTree = "<group>"; };
		18042E0A1C92F9E100BD3AFE /* UIView+WebCacheOperation.m */ = {isa = PBXFileReference; fileEncoding = 4; lastKnownFileType = sourcecode.c.objc; path = "UIView+WebCacheOperation.m"; sourceTree = "<group>"; };
		18042E321C92FA3F00BD3AFE /* LZAppDelegate.h */ = {isa = PBXFileReference; fileEncoding = 4; lastKnownFileType = sourcecode.c.h; path = LZAppDelegate.h; sourceTree = "<group>"; };
		18042E331C92FA3F00BD3AFE /* LZAppDelegate.m */ = {isa = PBXFileReference; fileEncoding = 4; lastKnownFileType = sourcecode.c.objc; path = LZAppDelegate.m; sourceTree = "<group>"; };
		18042E341C92FA3F00BD3AFE /* main.m */ = {isa = PBXFileReference; fileEncoding = 4; lastKnownFileType = sourcecode.c.objc; path = main.m; sourceTree = "<group>"; };
		18042E371C92FAE400BD3AFE /* LZNavigationController.h */ = {isa = PBXFileReference; fileEncoding = 4; lastKnownFileType = sourcecode.c.h; name = LZNavigationController.h; path = ../../Category/LZNavigationController.h; sourceTree = "<group>"; };
		18042E381C92FAE400BD3AFE /* LZNavigationController.m */ = {isa = PBXFileReference; fileEncoding = 4; lastKnownFileType = sourcecode.c.objc; name = LZNavigationController.m; path = ../../Category/LZNavigationController.m; sourceTree = "<group>"; };
		18042E391C92FAE400BD3AFE /* LZTabBarViewController.h */ = {isa = PBXFileReference; fileEncoding = 4; lastKnownFileType = sourcecode.c.h; name = LZTabBarViewController.h; path = ../../Category/LZTabBarViewController.h; sourceTree = "<group>"; };
		18042E3A1C92FAE400BD3AFE /* LZTabBarViewController.m */ = {isa = PBXFileReference; fileEncoding = 4; lastKnownFileType = sourcecode.c.objc; name = LZTabBarViewController.m; path = ../../Category/LZTabBarViewController.m; sourceTree = "<group>"; };
		18042E471C92FBE400BD3AFE /* LZMessageCenterViewController.h */ = {isa = PBXFileReference; fileEncoding = 4; lastKnownFileType = sourcecode.c.h; path = LZMessageCenterViewController.h; sourceTree = "<group>"; };
		18042E481C92FBE400BD3AFE /* LZMessageCenterViewController.m */ = {isa = PBXFileReference; fileEncoding = 4; lastKnownFileType = sourcecode.c.objc; path = LZMessageCenterViewController.m; sourceTree = "<group>"; };
		18042E4C1C92FC9C00BD3AFE /* LZDiscoverViewController.h */ = {isa = PBXFileReference; fileEncoding = 4; lastKnownFileType = sourcecode.c.h; path = LZDiscoverViewController.h; sourceTree = "<group>"; };
		18042E4D1C92FC9C00BD3AFE /* LZDiscoverViewController.m */ = {isa = PBXFileReference; fileEncoding = 4; lastKnownFileType = sourcecode.c.objc; path = LZDiscoverViewController.m; sourceTree = "<group>"; };
		18042E531C92FD0B00BD3AFE /* LZProfileViewController.h */ = {isa = PBXFileReference; fileEncoding = 4; lastKnownFileType = sourcecode.c.h; path = LZProfileViewController.h; sourceTree = "<group>"; };
		18042E541C92FD0B00BD3AFE /* LZProfileViewController.m */ = {isa = PBXFileReference; fileEncoding = 4; lastKnownFileType = sourcecode.c.objc; path = LZProfileViewController.m; sourceTree = "<group>"; };
		18042E561C930E4D00BD3AFE /* NSDate+Extension.h */ = {isa = PBXFileReference; fileEncoding = 4; lastKnownFileType = sourcecode.c.h; path = "NSDate+Extension.h"; sourceTree = "<group>"; };
		18042E571C930E4D00BD3AFE /* NSDate+Extension.m */ = {isa = PBXFileReference; fileEncoding = 4; lastKnownFileType = sourcecode.c.objc; path = "NSDate+Extension.m"; sourceTree = "<group>"; };
		18042E591C93197000BD3AFE /* NSString+Extension.h */ = {isa = PBXFileReference; fileEncoding = 4; lastKnownFileType = sourcecode.c.h; path = "NSString+Extension.h"; sourceTree = "<group>"; };
		18042E5A1C93197000BD3AFE /* NSString+Extension.m */ = {isa = PBXFileReference; fileEncoding = 4; lastKnownFileType = sourcecode.c.objc; path = "NSString+Extension.m"; sourceTree = "<group>"; };
		18042E5C1C931D9D00BD3AFE /* LZStatusPhotosView.h */ = {isa = PBXFileReference; fileEncoding = 4; lastKnownFileType = sourcecode.c.h; path = LZStatusPhotosView.h; sourceTree = "<group>"; };
		18042E5D1C931D9D00BD3AFE /* LZStatusPhotosView.m */ = {isa = PBXFileReference; fileEncoding = 4; lastKnownFileType = sourcecode.c.objc; path = LZStatusPhotosView.m; sourceTree = "<group>"; };
		18042E5F1C931E2000BD3AFE /* LZStatusPhotoView.h */ = {isa = PBXFileReference; fileEncoding = 4; lastKnownFileType = sourcecode.c.h; path = LZStatusPhotoView.h; sourceTree = "<group>"; };
		18042E601C931E2000BD3AFE /* LZStatusPhotoView.m */ = {isa = PBXFileReference; fileEncoding = 4; lastKnownFileType = sourcecode.c.objc; path = LZStatusPhotoView.m; sourceTree = "<group>"; };
		18042E621C931F0100BD3AFE /* LZIconView.h */ = {isa = PBXFileReference; fileEncoding = 4; lastKnownFileType = sourcecode.c.h; path = LZIconView.h; sourceTree = "<group>"; };
		18042E631C931F0100BD3AFE /* LZIconView.m */ = {isa = PBXFileReference; fileEncoding = 4; lastKnownFileType = sourcecode.c.objc; path = LZIconView.m; sourceTree = "<group>"; };
		1820E8071C85F85B00956845 /* LZTabBar.h */ = {isa = PBXFileReference; fileEncoding = 4; lastKnownFileType = sourcecode.c.h; path = LZTabBar.h; sourceTree = "<group>"; };
		1820E8081C85F85B00956845 /* LZTabBar.m */ = {isa = PBXFileReference; fileEncoding = 4; lastKnownFileType = sourcecode.c.objc; path = LZTabBar.m; sourceTree = "<group>"; };
		182E2A521C8BFFAB00836441 /* LZTitleButton.h */ = {isa = PBXFileReference; fileEncoding = 4; lastKnownFileType = sourcecode.c.h; path = LZTitleButton.h; sourceTree = "<group>"; };
		182E2A531C8BFFAB00836441 /* LZTitleButton.m */ = {isa = PBXFileReference; fileEncoding = 4; lastKnownFileType = sourcecode.c.objc; path = LZTitleButton.m; sourceTree = "<group>"; };
		1834F0841C81D14C00765525 /* LZHomeViewController.h */ = {isa = PBXFileReference; fileEncoding = 4; lastKnownFileType = sourcecode.c.h; path = LZHomeViewController.h; sourceTree = "<group>"; };
		1834F0851C81D14C00765525 /* LZHomeViewController.m */ = {isa = PBXFileReference; fileEncoding = 4; lastKnownFileType = sourcecode.c.objc; path = LZHomeViewController.m; sourceTree = "<group>"; };
		1834F0AD1C81DA0A00765525 /* UIBarButtonItem+LZExtension.h */ = {isa = PBXFileReference; fileEncoding = 4; lastKnownFileType = sourcecode.c.h; path = "UIBarButtonItem+LZExtension.h"; sourceTree = "<group>"; };
		1834F0AE1C81DA0A00765525 /* UIBarButtonItem+LZExtension.m */ = {isa = PBXFileReference; fileEncoding = 4; lastKnownFileType = sourcecode.c.objc; path = "UIBarButtonItem+LZExtension.m"; sourceTree = "<group>"; };
		183C06561C8EC7AE0060292D /* LZUserCell.h */ = {isa = PBXFileReference; fileEncoding = 4; lastKnownFileType = sourcecode.c.h; path = LZUserCell.h; sourceTree = "<group>"; };
		183C06571C8EC7AE0060292D /* LZUserCell.m */ = {isa = PBXFileReference; fileEncoding = 4; lastKnownFileType = sourcecode.c.objc; path = LZUserCell.m; sourceTree = "<group>"; };
		183C06581C8EC7AE0060292D /* LZUserCell.xib */ = {isa = PBXFileReference; fileEncoding = 4; lastKnownFileType = file.xib; path = LZUserCell.xib; sourceTree = "<group>"; };
		183C065B1C8F2E890060292D /* LZLoadMoreFooter.h */ = {isa = PBXFileReference; fileEncoding = 4; lastKnownFileType = sourcecode.c.h; path = LZLoadMoreFooter.h; sourceTree = "<group>"; };
		183C065C1C8F2E890060292D /* LZLoadMoreFooter.m */ = {isa = PBXFileReference; fileEncoding = 4; lastKnownFileType = sourcecode.c.objc; path = LZLoadMoreFooter.m; sourceTree = "<group>"; };
		183C065E1C8F2E9E0060292D /* LZLoadMoreFooter.xib */ = {isa = PBXFileReference; fileEncoding = 4; lastKnownFileType = file.xib; path = LZLoadMoreFooter.xib; sourceTree = "<group>"; };
		185D39461C91900500AA0E00 /* LZPhoto.h */ = {isa = PBXFileReference; fileEncoding = 4; lastKnownFileType = sourcecode.c.h; path = LZPhoto.h; sourceTree = "<group>"; };
		185D39471C91900500AA0E00 /* LZPhoto.m */ = {isa = PBXFileReference; fileEncoding = 4; lastKnownFileType = sourcecode.c.objc; path = LZPhoto.m; sourceTree = "<group>"; };
		185D39491C91B76800AA0E00 /* LZStatusToolbar.h */ = {isa = PBXFileReference; fileEncoding = 4; lastKnownFileType = sourcecode.c.h; path = LZStatusToolbar.h; sourceTree = "<group>"; };
		185D394A1C91B76800AA0E00 /* LZStatusToolbar.m */ = {isa = PBXFileReference; fileEncoding = 4; lastKnownFileType = sourcecode.c.objc; path = LZStatusToolbar.m; sourceTree = "<group>"; };
		18630EE81C8A7C0C00D2445E /* LZAccountTool.h */ = {isa = PBXFileReference; fileEncoding = 4; lastKnownFileType = sourcecode.c.h; path = LZAccountTool.h; sourceTree = "<group>"; };
		18630EE91C8A7C0C00D2445E /* LZAccountTool.m */ = {isa = PBXFileReference; fileEncoding = 4; lastKnownFileType = sourcecode.c.objc; path = LZAccountTool.m; sourceTree = "<group>"; };
		1880F7271C9071AE005B2456 /* LZStatusCell.h */ = {isa = PBXFileReference; fileEncoding = 4; lastKnownFileType = sourcecode.c.h; path = LZStatusCell.h; sourceTree = "<group>"; };
		1880F7281C9071AE005B2456 /* LZStatusCell.m */ = {isa = PBXFileReference; fileEncoding = 4; lastKnownFileType = sourcecode.c.objc; path = LZStatusCell.m; sourceTree = "<group>"; };
		1880F72A1C9071E2005B2456 /* LZStatusFrame.h */ = {isa = PBXFileReference; fileEncoding = 4; lastKnownFileType = sourcecode.c.h; path = LZStatusFrame.h; sourceTree = "<group>"; };
		1880F72B1C9071E2005B2456 /* LZStatusFrame.m */ = {isa = PBXFileReference; fileEncoding = 4; lastKnownFileType = sourcecode.c.objc; path = LZStatusFrame.m; sourceTree = "<group>"; };
		1893CEFC1C78114D005C5F66 /* LZWeiBo.app */ = {isa = PBXFileReference; explicitFileType = wrapper.application; includeInIndex = 0; path = LZWeiBo.app; sourceTree = BUILT_PRODUCTS_DIR; };
		1893CF0B1C78114D005C5F66 /* Assets.xcassets */ = {isa = PBXFileReference; lastKnownFileType = folder.assetcatalog; path = Assets.xcassets; sourceTree = "<group>"; };
		1893CF0E1C78114D005C5F66 /* Base */ = {isa = PBXFileReference; lastKnownFileType = file.storyboard; name = Base; path = Base.lproj/LaunchScreen.storyboard; sourceTree = "<group>"; };
		1893CF101C78114D005C5F66 /* Info.plist */ = {isa = PBXFileReference; lastKnownFileType = text.plist.xml; path = Info.plist; sourceTree = "<group>"; };
		1894182C1C86872600B284BA /* LZNewfeatureViewController.h */ = {isa = PBXFileReference; fileEncoding = 4; lastKnownFileType = sourcecode.c.h; path = LZNewfeatureViewController.h; sourceTree = "<group>"; };
		1894182D1C86872600B284BA /* LZNewfeatureViewController.m */ = {isa = PBXFileReference; fileEncoding = 4; lastKnownFileType = sourcecode.c.objc; path = LZNewfeatureViewController.m; sourceTree = "<group>"; };
		1894187D1C870C8500B284BA /* LZOAuthViewController.h */ = {isa = PBXFileReference; fileEncoding = 4; lastKnownFileType = sourcecode.c.h; path = LZOAuthViewController.h; sourceTree = "<group>"; };
		1894187E1C870C8500B284BA /* LZOAuthViewController.m */ = {isa = PBXFileReference; fileEncoding = 4; lastKnownFileType = sourcecode.c.objc; path = LZOAuthViewController.m; sourceTree = "<group>"; };
		189434241C88733300BEB073 /* LZAccount.h */ = {isa = PBXFileReference; fileEncoding = 4; lastKnownFileType = sourcecode.c.h; path = LZAccount.h; sourceTree = "<group>"; };
		189434251C88733300BEB073 /* LZAccount.m */ = {isa = PBXFileReference; fileEncoding = 4; lastKnownFileType = sourcecode.c.objc; path = LZAccount.m; sourceTree = "<group>"; };
		18BA289F1C8DDA5600BCF0DD /* LZStatus.h */ = {isa = PBXFileReference; fileEncoding = 4; lastKnownFileType = sourcecode.c.h; path = LZStatus.h; sourceTree = "<group>"; };
		18BA28A01C8DDA5600BCF0DD /* LZStatus.m */ = {isa = PBXFileReference; fileEncoding = 4; lastKnownFileType = sourcecode.c.objc; path = LZStatus.m; sourceTree = "<group>"; };
		18BA28A11C8DDA5600BCF0DD /* LZUser.h */ = {isa = PBXFileReference; fileEncoding = 4; lastKnownFileType = sourcecode.c.h; path = LZUser.h; sourceTree = "<group>"; };
		18BA28A21C8DDA5600BCF0DD /* LZUser.m */ = {isa = PBXFileReference; fileEncoding = 4; lastKnownFileType = sourcecode.c.objc; path = LZUser.m; sourceTree = "<group>"; };
		18BED61A1C85435E000BC2A0 /* LZSearchBar.h */ = {isa = PBXFileReference; fileEncoding = 4; lastKnownFileType = sourcecode.c.h; path = LZSearchBar.h; sourceTree = "<group>"; };
		18BED61B1C85435E000BC2A0 /* LZSearchBar.m */ = {isa = PBXFileReference; fileEncoding = 4; lastKnownFileType = sourcecode.c.objc; path = LZSearchBar.m; sourceTree = "<group>"; };
		18BED61D1C856C93000BC2A0 /* LZDropdownMenu.h */ = {isa = PBXFileReference; fileEncoding = 4; lastKnownFileType = sourcecode.c.h; path = LZDropdownMenu.h; sourceTree = "<group>"; };
		18BED61E1C856C93000BC2A0 /* LZDropdownMenu.m */ = {isa = PBXFileReference; fileEncoding = 4; lastKnownFileType = sourcecode.c.objc; path = LZDropdownMenu.m; sourceTree = "<group>"; };
		18BED6201C858508000BC2A0 /* LZTitleMenuViewController.h */ = {isa = PBXFileReference; fileEncoding = 4; lastKnownFileType = sourcecode.c.h; path = LZTitleMenuViewController.h; sourceTree = "<group>"; };
		18BED6211C858508000BC2A0 /* LZTitleMenuViewController.m */ = {isa = PBXFileReference; fileEncoding = 4; lastKnownFileType = sourcecode.c.objc; path = LZTitleMenuViewController.m; sourceTree = "<group>"; };
		18C16A4B1C80B10D00923474 /* LZWeiBo.pch */ = {isa = PBXFileReference; lastKnownFileType = sourcecode.c.h; path = LZWeiBo.pch; sourceTree = "<group>"; };
		18E3331D1C8AD9D000AE5B6E /* UIWindow+Extension.h */ = {isa = PBXFileReference; fileEncoding = 4; lastKnownFileType = sourcecode.c.h; path = "UIWindow+Extension.h"; sourceTree = "<group>"; };
		18E3331E1C8AD9D000AE5B6E /* UIWindow+Extension.m */ = {isa = PBXFileReference; fileEncoding = 4; lastKnownFileType = sourcecode.c.objc; path = "UIWindow+Extension.m"; sourceTree = "<group>"; };
		18E333201C8AF75D00AE5B6E /* Foundation+Log.m */ = {isa = PBXFileReference; fileEncoding = 4; lastKnownFileType = sourcecode.c.objc; path = "Foundation+Log.m"; sourceTree = "<group>"; };
/* End PBXFileReference section */

/* Begin PBXFrameworksBuildPhase section */
		1893CEF91C78114D005C5F66 /* Frameworks */ = {
			isa = PBXFrameworksBuildPhase;
			buildActionMask = 2147483647;
			files = (
			);
			runOnlyForDeploymentPostprocessing = 0;
		};
/* End PBXFrameworksBuildPhase section */

/* Begin PBXGroup section */
		18042DB01C92F97A00BD3AFE /* Controller */ = {
			isa = PBXGroup;
			children = (
				18042E371C92FAE400BD3AFE /* LZNavigationController.h */,
				18042E381C92FAE400BD3AFE /* LZNavigationController.m */,
				18042E391C92FAE400BD3AFE /* LZTabBarViewController.h */,
				18042E3A1C92FAE400BD3AFE /* LZTabBarViewController.m */,
			);
			name = Controller;
			path = View/Controller;
			sourceTree = "<group>";
		};
		18042DB11C92F97A00BD3AFE /* Lib */ = {
			isa = PBXGroup;
			children = (
				18042DB71C92F9E100BD3AFE /* AFNetworking */,
				18042DCB1C92F9E100BD3AFE /* MBProgressHUD */,
				18042DD11C92F9E100BD3AFE /* MJExtension */,
				18042DE91C92F9E100BD3AFE /* SDWebImage */,
			);
			name = Lib;
			path = View/Lib;
			sourceTree = "<group>";
		};
		18042DB21C92F97A00BD3AFE /* Model */ = {
			isa = PBXGroup;
			children = (
			);
			name = Model;
			path = View/Model;
			sourceTree = "<group>";
		};
		18042DB31C92F97A00BD3AFE /* Other */ = {
			isa = PBXGroup;
			children = (
				18042E321C92FA3F00BD3AFE /* LZAppDelegate.h */,
				18042E331C92FA3F00BD3AFE /* LZAppDelegate.m */,
				18042E341C92FA3F00BD3AFE /* main.m */,
			);
			name = Other;
			path = View/Other;
			sourceTree = "<group>";
		};
		18042DB71C92F9E100BD3AFE /* AFNetworking */ = {
			isa = PBXGroup;
			children = (
				18042DB81C92F9E100BD3AFE /* AFHTTPRequestOperation.h */,
				18042DB91C92F9E100BD3AFE /* AFHTTPRequestOperation.m */,
				18042DBA1C92F9E100BD3AFE /* AFHTTPRequestOperationManager.h */,
				18042DBB1C92F9E100BD3AFE /* AFHTTPRequestOperationManager.m */,
				18042DBC1C92F9E100BD3AFE /* AFHTTPSessionManager.h */,
				18042DBD1C92F9E100BD3AFE /* AFHTTPSessionManager.m */,
				18042DBE1C92F9E100BD3AFE /* AFNetworking.h */,
				18042DBF1C92F9E100BD3AFE /* AFNetworkReachabilityManager.h */,
				18042DC01C92F9E100BD3AFE /* AFNetworkReachabilityManager.m */,
				18042DC11C92F9E100BD3AFE /* AFSecurityPolicy.h */,
				18042DC21C92F9E100BD3AFE /* AFSecurityPolicy.m */,
				18042DC31C92F9E100BD3AFE /* AFURLConnectionOperation.h */,
				18042DC41C92F9E100BD3AFE /* AFURLConnectionOperation.m */,
				18042DC51C92F9E100BD3AFE /* AFURLRequestSerialization.h */,
				18042DC61C92F9E100BD3AFE /* AFURLRequestSerialization.m */,
				18042DC71C92F9E100BD3AFE /* AFURLResponseSerialization.h */,
				18042DC81C92F9E100BD3AFE /* AFURLResponseSerialization.m */,
				18042DC91C92F9E100BD3AFE /* AFURLSessionManager.h */,
				18042DCA1C92F9E100BD3AFE /* AFURLSessionManager.m */,
			);
			path = AFNetworking;
			sourceTree = "<group>";
		};
		18042DCB1C92F9E100BD3AFE /* MBProgressHUD */ = {
			isa = PBXGroup;
			children = (
				18042DCC1C92F9E100BD3AFE /* MBProgressHUD+MJ.h */,
				18042DCD1C92F9E100BD3AFE /* MBProgressHUD+MJ.m */,
				18042DCE1C92F9E100BD3AFE /* MBProgressHUD.bundle */,
				18042DCF1C92F9E100BD3AFE /* MBProgressHUD.h */,
				18042DD01C92F9E100BD3AFE /* MBProgressHUD.m */,
			);
			path = MBProgressHUD;
			sourceTree = "<group>";
		};
		18042DD11C92F9E100BD3AFE /* MJExtension */ = {
			isa = PBXGroup;
			children = (
				18042DD21C92F9E100BD3AFE /* MJArgument.h */,
				18042DD31C92F9E100BD3AFE /* MJArgument.m */,
				18042DD41C92F9E100BD3AFE /* MJConst.h */,
				18042DD51C92F9E100BD3AFE /* MJConst.m */,
				18042DD61C92F9E100BD3AFE /* MJExtension.h */,
				18042DD71C92F9E100BD3AFE /* MJFoundation.h */,
				18042DD81C92F9E100BD3AFE /* MJFoundation.m */,
				18042DD91C92F9E100BD3AFE /* MJIvar.h */,
				18042DDA1C92F9E100BD3AFE /* MJIvar.m */,
				18042DDB1C92F9E100BD3AFE /* MJMember.h */,
				18042DDC1C92F9E100BD3AFE /* MJMember.m */,
				18042DDD1C92F9E100BD3AFE /* MJMethod.h */,
				18042DDE1C92F9E100BD3AFE /* MJMethod.m */,
				18042DDF1C92F9E100BD3AFE /* MJType.h */,
				18042DE01C92F9E100BD3AFE /* MJType.m */,
				18042DE11C92F9E100BD3AFE /* MJTypeEncoding.h */,
				18042DE21C92F9E100BD3AFE /* MJTypeEncoding.m */,
				18042DE31C92F9E100BD3AFE /* NSObject+MJCoding.h */,
				18042DE41C92F9E100BD3AFE /* NSObject+MJCoding.m */,
				18042DE51C92F9E100BD3AFE /* NSObject+MJKeyValue.h */,
				18042DE61C92F9E100BD3AFE /* NSObject+MJKeyValue.m */,
				18042DE71C92F9E100BD3AFE /* NSObject+MJMember.h */,
				18042DE81C92F9E100BD3AFE /* NSObject+MJMember.m */,
			);
			path = MJExtension;
			sourceTree = "<group>";
		};
		18042DE91C92F9E100BD3AFE /* SDWebImage */ = {
			isa = PBXGroup;
			children = (
				18042DEA1C92F9E100BD3AFE /* MKAnnotationView+WebCache.h */,
				18042DEB1C92F9E100BD3AFE /* MKAnnotationView+WebCache.m */,
				18042DEC1C92F9E100BD3AFE /* NSData+ImageContentType.h */,
				18042DED1C92F9E100BD3AFE /* NSData+ImageContentType.m */,
				18042DEE1C92F9E100BD3AFE /* SDImageCache.h */,
				18042DEF1C92F9E100BD3AFE /* SDImageCache.m */,
				18042DF01C92F9E100BD3AFE /* SDWebImageCompat.h */,
				18042DF11C92F9E100BD3AFE /* SDWebImageCompat.m */,
				18042DF21C92F9E100BD3AFE /* SDWebImageDecoder.h */,
				18042DF31C92F9E100BD3AFE /* SDWebImageDecoder.m */,
				18042DF41C92F9E100BD3AFE /* SDWebImageDownloader.h */,
				18042DF51C92F9E100BD3AFE /* SDWebImageDownloader.m */,
				18042DF61C92F9E100BD3AFE /* SDWebImageDownloaderOperation.h */,
				18042DF71C92F9E100BD3AFE /* SDWebImageDownloaderOperation.m */,
				18042DF81C92F9E100BD3AFE /* SDWebImageManager.h */,
				18042DF91C92F9E100BD3AFE /* SDWebImageManager.m */,
				18042DFA1C92F9E100BD3AFE /* SDWebImageOperation.h */,
				18042DFB1C92F9E100BD3AFE /* SDWebImagePrefetcher.h */,
				18042DFC1C92F9E100BD3AFE /* SDWebImagePrefetcher.m */,
				18042DFD1C92F9E100BD3AFE /* UIButton+WebCache.h */,
				18042DFE1C92F9E100BD3AFE /* UIButton+WebCache.m */,
				18042DFF1C92F9E100BD3AFE /* UIImage+GIF.h */,
				18042E001C92F9E100BD3AFE /* UIImage+GIF.m */,
				18042E011C92F9E100BD3AFE /* UIImage+MultiFormat.h */,
				18042E021C92F9E100BD3AFE /* UIImage+MultiFormat.m */,
				18042E031C92F9E100BD3AFE /* UIImage+WebP.h */,
				18042E041C92F9E100BD3AFE /* UIImage+WebP.m */,
				18042E051C92F9E100BD3AFE /* UIImageView+HighlightedWebCache.h */,
				18042E061C92F9E100BD3AFE /* UIImageView+HighlightedWebCache.m */,
				18042E071C92F9E100BD3AFE /* UIImageView+WebCache.h */,
				18042E081C92F9E100BD3AFE /* UIImageView+WebCache.m */,
				18042E091C92F9E100BD3AFE /* UIView+WebCacheOperation.h */,
				18042E0A1C92F9E100BD3AFE /* UIView+WebCacheOperation.m */,
			);
			path = SDWebImage;
			sourceTree = "<group>";
		};
		18042E431C92FBC700BD3AFE /* MessageCenter(消息) */ = {
			isa = PBXGroup;
			children = (
				18042E441C92FBC700BD3AFE /* Controller */,
				18042E451C92FBC700BD3AFE /* Model */,
				18042E461C92FBC700BD3AFE /* View */,
			);
			name = "MessageCenter(消息)";
			path = "Main(主要)/MessageCenter(消息)";
			sourceTree = "<group>";
		};
		18042E441C92FBC700BD3AFE /* Controller */ = {
			isa = PBXGroup;
			children = (
				18042E471C92FBE400BD3AFE /* LZMessageCenterViewController.h */,
				18042E481C92FBE400BD3AFE /* LZMessageCenterViewController.m */,
			);
			path = Controller;
			sourceTree = "<group>";
		};
		18042E451C92FBC700BD3AFE /* Model */ = {
			isa = PBXGroup;
			children = (
			);
			path = Model;
			sourceTree = "<group>";
		};
		18042E461C92FBC700BD3AFE /* View */ = {
			isa = PBXGroup;
			children = (
			);
			path = View;
			sourceTree = "<group>";
		};
		18042E4A1C92FC9C00BD3AFE /* Discover(发现) */ = {
			isa = PBXGroup;
			children = (
				18042E4B1C92FC9C00BD3AFE /* Controller */,
				18042E4E1C92FC9C00BD3AFE /* Model */,
				18042E4F1C92FC9C00BD3AFE /* View */,
			);
			name = "Discover(发现)";
			path = "../Discover(发现)";
			sourceTree = "<group>";
		};
		18042E4B1C92FC9C00BD3AFE /* Controller */ = {
			isa = PBXGroup;
			children = (
				18042E4C1C92FC9C00BD3AFE /* LZDiscoverViewController.h */,
				18042E4D1C92FC9C00BD3AFE /* LZDiscoverViewController.m */,
			);
			path = Controller;
			sourceTree = "<group>";
		};
		18042E4E1C92FC9C00BD3AFE /* Model */ = {
			isa = PBXGroup;
			children = (
			);
			path = Model;
			sourceTree = "<group>";
		};
		18042E4F1C92FC9C00BD3AFE /* View */ = {
			isa = PBXGroup;
			children = (
			);
			path = View;
			sourceTree = "<group>";
		};
		18042E511C92FCE300BD3AFE /* Controller */ = {
			isa = PBXGroup;
			children = (
				18042E531C92FD0B00BD3AFE /* LZProfileViewController.h */,
				18042E541C92FD0B00BD3AFE /* LZProfileViewController.m */,
			);
			path = Controller;
			sourceTree = "<group>";
		};
		18042E521C92FCE300BD3AFE /* Model */ = {
			isa = PBXGroup;
			children = (
			);
			path = Model;
			sourceTree = "<group>";
		};
		1834F0821C81D14C00765525 /* Home(首页) */ = {
			isa = PBXGroup;
			children = (
				1834F0831C81D14C00765525 /* Controller */,
				1834F0861C81D14C00765525 /* Model */,
				1834F0871C81D14C00765525 /* View */,
			);
			path = "Home(首页)";
			sourceTree = "<group>";
		};
		1834F0831C81D14C00765525 /* Controller */ = {
			isa = PBXGroup;
			children = (
				1834F0841C81D14C00765525 /* LZHomeViewController.h */,
				1834F0851C81D14C00765525 /* LZHomeViewController.m */,
			);
			path = Controller;
			sourceTree = "<group>";
		};
		1834F0861C81D14C00765525 /* Model */ = {
			isa = PBXGroup;
			children = (
				18BA289F1C8DDA5600BCF0DD /* LZStatus.h */,
				18BA28A01C8DDA5600BCF0DD /* LZStatus.m */,
				18BA28A11C8DDA5600BCF0DD /* LZUser.h */,
				18BA28A21C8DDA5600BCF0DD /* LZUser.m */,
				1880F72A1C9071E2005B2456 /* LZStatusFrame.h */,
				1880F72B1C9071E2005B2456 /* LZStatusFrame.m */,
				185D39461C91900500AA0E00 /* LZPhoto.h */,
				185D39471C91900500AA0E00 /* LZPhoto.m */,
			);
			path = Model;
			sourceTree = "<group>";
		};
		1834F0871C81D14C00765525 /* View */ = {
			isa = PBXGroup;
			children = (
				18BED6201C858508000BC2A0 /* LZTitleMenuViewController.h */,
				18BED6211C858508000BC2A0 /* LZTitleMenuViewController.m */,
				182E2A521C8BFFAB00836441 /* LZTitleButton.h */,
				182E2A531C8BFFAB00836441 /* LZTitleButton.m */,
				183C065B1C8F2E890060292D /* LZLoadMoreFooter.h */,
				183C065C1C8F2E890060292D /* LZLoadMoreFooter.m */,
				183C065E1C8F2E9E0060292D /* LZLoadMoreFooter.xib */,
				1880F7271C9071AE005B2456 /* LZStatusCell.h */,
				1880F7281C9071AE005B2456 /* LZStatusCell.m */,
				18042E5C1C931D9D00BD3AFE /* LZStatusPhotosView.h */,
				18042E5D1C931D9D00BD3AFE /* LZStatusPhotosView.m */,
				18042E5F1C931E2000BD3AFE /* LZStatusPhotoView.h */,
				18042E601C931E2000BD3AFE /* LZStatusPhotoView.m */,
				185D39491C91B76800AA0E00 /* LZStatusToolbar.h */,
				185D394A1C91B76800AA0E00 /* LZStatusToolbar.m */,
			);
			path = View;
			sourceTree = "<group>";
		};
		1834F0881C81D14C00765525 /* Main(主要) */ = {
			isa = PBXGroup;
			children = (
				1834F0891C81D14C00765525 /* Category */,
				18042DB01C92F97A00BD3AFE /* Controller */,
				18042DB11C92F97A00BD3AFE /* Lib */,
				18042DB21C92F97A00BD3AFE /* Model */,
				18042DB31C92F97A00BD3AFE /* Other */,
				1834F0971C81D14C00765525 /* View */,
			);
			path = "Main(主要)";
			sourceTree = "<group>";
		};
		1834F0891C81D14C00765525 /* Category */ = {
			isa = PBXGroup;
			children = (
				18E333201C8AF75D00AE5B6E /* Foundation+Log.m */,
				18042DB41C92F9BE00BD3AFE /* UIView+LZExtension.h */,
				18042DB51C92F9BE00BD3AFE /* UIView+LZExtension.m */,
				1834F0AD1C81DA0A00765525 /* UIBarButtonItem+LZExtension.h */,
				1834F0AE1C81DA0A00765525 /* UIBarButtonItem+LZExtension.m */,
				18E3331D1C8AD9D000AE5B6E /* UIWindow+Extension.h */,
				18E3331E1C8AD9D000AE5B6E /* UIWindow+Extension.m */,
				18042E561C930E4D00BD3AFE /* NSDate+Extension.h */,
				18042E571C930E4D00BD3AFE /* NSDate+Extension.m */,
				18042E591C93197000BD3AFE /* NSString+Extension.h */,
				18042E5A1C93197000BD3AFE /* NSString+Extension.m */,
			);
			path = Category;
			sourceTree = "<group>";
		};
		1834F0971C81D14C00765525 /* View */ = {
			isa = PBXGroup;
			children = (
				1820E8071C85F85B00956845 /* LZTabBar.h */,
				1820E8081C85F85B00956845 /* LZTabBar.m */,
				18BED61A1C85435E000BC2A0 /* LZSearchBar.h */,
				18BED61B1C85435E000BC2A0 /* LZSearchBar.m */,
				18BED61D1C856C93000BC2A0 /* LZDropdownMenu.h */,
				18BED61E1C856C93000BC2A0 /* LZDropdownMenu.m */,
				18042E621C931F0100BD3AFE /* LZIconView.h */,
				18042E631C931F0100BD3AFE /* LZIconView.m */,
			);
			path = View;
			sourceTree = "<group>";
		};
		1834F09E1C81D14C00765525 /* Profile(我) */ = {
			isa = PBXGroup;
			children = (
				18042E511C92FCE300BD3AFE /* Controller */,
				18042E521C92FCE300BD3AFE /* Model */,
				1834F0A31C81D14C00765525 /* View */,
			);
			path = "Profile(我)";
			sourceTree = "<group>";
		};
		1834F0A31C81D14C00765525 /* View */ = {
			isa = PBXGroup;
			children = (
				183C06561C8EC7AE0060292D /* LZUserCell.h */,
				183C06571C8EC7AE0060292D /* LZUserCell.m */,
				183C06581C8EC7AE0060292D /* LZUserCell.xib */,
			);
			path = View;
			sourceTree = "<group>";
		};
		18630EE71C8A7BF500D2445E /* Tool */ = {
			isa = PBXGroup;
			children = (
				18630EE81C8A7C0C00D2445E /* LZAccountTool.h */,
				18630EE91C8A7C0C00D2445E /* LZAccountTool.m */,
			);
			path = Tool;
			sourceTree = "<group>";
		};
		1893CEF31C78114D005C5F66 = {
			isa = PBXGroup;
			children = (
				1893CEFE1C78114D005C5F66 /* LZWeiBo */,
				1893CEFD1C78114D005C5F66 /* Products */,
			);
			sourceTree = "<group>";
		};
		1893CEFD1C78114D005C5F66 /* Products */ = {
			isa = PBXGroup;
			children = (
				1893CEFC1C78114D005C5F66 /* LZWeiBo.app */,
			);
			name = Products;
			sourceTree = "<group>";
		};
		1893CEFE1C78114D005C5F66 /* LZWeiBo */ = {
			isa = PBXGroup;
			children = (
				18C16A451C80AFD600923474 /* Classes */,
				1893CF0B1C78114D005C5F66 /* Assets.xcassets */,
				1893CEFF1C78114D005C5F66 /* Supporting Files */,
			);
			path = LZWeiBo;
			sourceTree = "<group>";
		};
		1893CEFF1C78114D005C5F66 /* Supporting Files */ = {
			isa = PBXGroup;
			children = (
				1893CF0D1C78114D005C5F66 /* LaunchScreen.storyboard */,
				1893CF101C78114D005C5F66 /* Info.plist */,
				18C16A4B1C80B10D00923474 /* LZWeiBo.pch */,
			);
			name = "Supporting Files";
			sourceTree = "<group>";
		};
		1894182A1C8686B000B284BA /* Newfeature(新特性) */ = {
			isa = PBXGroup;
			children = (
				1894182B1C8686B000B284BA /* Controller */,
			);
			path = "Newfeature(新特性)";
			sourceTree = "<group>";
		};
		1894182B1C8686B000B284BA /* Controller */ = {
			isa = PBXGroup;
			children = (
				1894182C1C86872600B284BA /* LZNewfeatureViewController.h */,
				1894182D1C86872600B284BA /* LZNewfeatureViewController.m */,
			);
			path = Controller;
			sourceTree = "<group>";
		};
		1894187B1C870C4B00B284BA /* OAuth(授权) */ = {
			isa = PBXGroup;
			children = (
				18630EE71C8A7BF500D2445E /* Tool */,
				189434231C88731700BEB073 /* Model */,
				1894187C1C870C4B00B284BA /* Controller */,
			);
			path = "OAuth(授权)";
			sourceTree = "<group>";
		};
		1894187C1C870C4B00B284BA /* Controller */ = {
			isa = PBXGroup;
			children = (
				1894187D1C870C8500B284BA /* LZOAuthViewController.h */,
				1894187E1C870C8500B284BA /* LZOAuthViewController.m */,
			);
			path = Controller;
			sourceTree = "<group>";
		};
		189434231C88731700BEB073 /* Model */ = {
			isa = PBXGroup;
			children = (
				189434241C88733300BEB073 /* LZAccount.h */,
				189434251C88733300BEB073 /* LZAccount.m */,
			);
			path = Model;
			sourceTree = "<group>";
		};
		18C16A451C80AFD600923474 /* Classes */ = {
			isa = PBXGroup;
			children = (
				1894187B1C870C4B00B284BA /* OAuth(授权) */,
				1894182A1C8686B000B284BA /* Newfeature(新特性) */,
				1834F0821C81D14C00765525 /* Home(首页) */,
				1834F0881C81D14C00765525 /* Main(主要) */,
				1834F09E1C81D14C00765525 /* Profile(我) */,
				18042E431C92FBC700BD3AFE /* MessageCenter(消息) */,
				18042E4A1C92FC9C00BD3AFE /* Discover(发现) */,
			);
			path = Classes;
			sourceTree = "<group>";
		};
/* End PBXGroup section */

/* Begin PBXNativeTarget section */
		1893CEFB1C78114D005C5F66 /* LZWeiBo */ = {
			isa = PBXNativeTarget;
			buildConfigurationList = 1893CF131C78114D005C5F66 /* Build configuration list for PBXNativeTarget "LZWeiBo" */;
			buildPhases = (
				1893CEF81C78114D005C5F66 /* Sources */,
				1893CEF91C78114D005C5F66 /* Frameworks */,
				1893CEFA1C78114D005C5F66 /* Resources */,
			);
			buildRules = (
			);
			dependencies = (
			);
			name = LZWeiBo;
			productName = LZWeiBo;
			productReference = 1893CEFC1C78114D005C5F66 /* LZWeiBo.app */;
			productType = "com.apple.product-type.application";
		};
/* End PBXNativeTarget section */

/* Begin PBXProject section */
		1893CEF41C78114D005C5F66 /* Project object */ = {
			isa = PBXProject;
			attributes = {
				CLASSPREFIX = LZ;
				LastUpgradeCheck = 0720;
				ORGANIZATIONNAME = m14a;
				TargetAttributes = {
					1893CEFB1C78114D005C5F66 = {
						CreatedOnToolsVersion = 7.2;
						DevelopmentTeam = 5J4983VAR8;
					};
				};
			};
			buildConfigurationList = 1893CEF71C78114D005C5F66 /* Build configuration list for PBXProject "LZWeiBo" */;
			compatibilityVersion = "Xcode 3.2";
			developmentRegion = English;
			hasScannedForEncodings = 0;
			knownRegions = (
				en,
				Base,
			);
			mainGroup = 1893CEF31C78114D005C5F66;
			productRefGroup = 1893CEFD1C78114D005C5F66 /* Products */;
			projectDirPath = "";
			projectRoot = "";
			targets = (
				1893CEFB1C78114D005C5F66 /* LZWeiBo */,
			);
		};
/* End PBXProject section */

/* Begin PBXResourcesBuildPhase section */
		1893CEFA1C78114D005C5F66 /* Resources */ = {
			isa = PBXResourcesBuildPhase;
			buildActionMask = 2147483647;
			files = (
				183C065A1C8EC7AE0060292D /* LZUserCell.xib in Resources */,
				183C065F1C8F2E9E0060292D /* LZLoadMoreFooter.xib in Resources */,
				18042E151C92F9E100BD3AFE /* MBProgressHUD.bundle in Resources */,
				1893CF0F1C78114D005C5F66 /* LaunchScreen.storyboard in Resources */,
				1893CF0C1C78114D005C5F66 /* Assets.xcassets in Resources */,
			);
			runOnlyForDeploymentPostprocessing = 0;
		};
/* End PBXResourcesBuildPhase section */

/* Begin PBXSourcesBuildPhase section */
		1893CEF81C78114D005C5F66 /* Sources */ = {
			isa = PBXSourcesBuildPhase;
			buildActionMask = 2147483647;
			files = (
				18042E361C92FA3F00BD3AFE /* main.m in Sources */,
				18042E261C92F9E100BD3AFE /* SDWebImageDecoder.m in Sources */,
				18042E2A1C92F9E100BD3AFE /* SDWebImagePrefetcher.m in Sources */,
				18042E0B1C92F9E100BD3AFE /* AFHTTPRequestOperation.m in Sources */,
				18042E2F1C92F9E100BD3AFE /* UIImageView+HighlightedWebCache.m in Sources */,
				18042DB61C92F9BE00BD3AFE /* UIView+LZExtension.m in Sources */,
				18042E351C92FA3F00BD3AFE /* LZAppDelegate.m in Sources */,
				18E3331F1C8AD9D000AE5B6E /* UIWindow+Extension.m in Sources */,
				189434261C88733300BEB073 /* LZAccount.m in Sources */,
				18042E121C92F9E100BD3AFE /* AFURLResponseSerialization.m in Sources */,
				18042E3B1C92FAE400BD3AFE /* LZNavigationController.m in Sources */,
				18042E2E1C92F9E100BD3AFE /* UIImage+WebP.m in Sources */,
				1820E8091C85F85B00956845 /* LZTabBar.m in Sources */,
				18042E5E1C931D9D00BD3AFE /* LZStatusPhotosView.m in Sources */,
				18042E5B1C93197000BD3AFE /* NSString+Extension.m in Sources */,
				18BED6221C858508000BC2A0 /* LZTitleMenuViewController.m in Sources */,
				18BED61F1C856C93000BC2A0 /* LZDropdownMenu.m in Sources */,
				18042E101C92F9E100BD3AFE /* AFURLConnectionOperation.m in Sources */,
				18042E301C92F9E100BD3AFE /* UIImageView+WebCache.m in Sources */,
				18042E0C1C92F9E100BD3AFE /* AFHTTPRequestOperationManager.m in Sources */,
				18042E501C92FC9C00BD3AFE /* LZDiscoverViewController.m in Sources */,
				18042E291C92F9E100BD3AFE /* SDWebImageManager.m in Sources */,
				18042E551C92FD0B00BD3AFE /* LZProfileViewController.m in Sources */,
				18042E3C1C92FAE400BD3AFE /* LZTabBarViewController.m in Sources */,
				18042E231C92F9E100BD3AFE /* NSData+ImageContentType.m in Sources */,
				18042E141C92F9E100BD3AFE /* MBProgressHUD+MJ.m in Sources */,
				183C06591C8EC7AE0060292D /* LZUserCell.m in Sources */,
				1880F7291C9071AE005B2456 /* LZStatusCell.m in Sources */,
				18042E1F1C92F9E100BD3AFE /* NSObject+MJCoding.m in Sources */,
				182E2A541C8BFFAB00836441 /* LZTitleButton.m in Sources */,
				18BA28A31C8DDA5600BCF0DD /* LZStatus.m in Sources */,
				18042E221C92F9E100BD3AFE /* MKAnnotationView+WebCache.m in Sources */,
				18630EEA1C8A7C0C00D2445E /* LZAccountTool.m in Sources */,
				18042E1C1C92F9E100BD3AFE /* MJMethod.m in Sources */,
				185D39481C91900500AA0E00 /* LZPhoto.m in Sources */,
				18042E131C92F9E100BD3AFE /* AFURLSessionManager.m in Sources */,
				1894187F1C870C8500B284BA /* LZOAuthViewController.m in Sources */,
				18042E1A1C92F9E100BD3AFE /* MJIvar.m in Sources */,
				18042E0F1C92F9E100BD3AFE /* AFSecurityPolicy.m in Sources */,
				18042E201C92F9E100BD3AFE /* NSObject+MJKeyValue.m in Sources */,
				1880F72C1C9071E2005B2456 /* LZStatusFrame.m in Sources */,
				18042E2B1C92F9E100BD3AFE /* UIButton+WebCache.m in Sources */,
				18042E251C92F9E100BD3AFE /* SDWebImageCompat.m in Sources */,
				1894182E1C86872600B284BA /* LZNewfeatureViewController.m in Sources */,
				18042E211C92F9E100BD3AFE /* NSObject+MJMember.m in Sources */,
				18042E0E1C92F9E100BD3AFE /* AFNetworkReachabilityManager.m in Sources */,
				18042E581C930E4D00BD3AFE /* NSDate+Extension.m in Sources */,
				18042E0D1C92F9E100BD3AFE /* AFHTTPSessionManager.m in Sources */,
				18042E1B1C92F9E100BD3AFE /* MJMember.m in Sources */,
				18042E271C92F9E100BD3AFE /* SDWebImageDownloader.m in Sources */,
				18042E171C92F9E100BD3AFE /* MJArgument.m in Sources */,
				18042E111C92F9E100BD3AFE /* AFURLRequestSerialization.m in Sources */,
				18042E2C1C92F9E100BD3AFE /* UIImage+GIF.m in Sources */,
				18042E1E1C92F9E100BD3AFE /* MJTypeEncoding.m in Sources */,
				18042E181C92F9E100BD3AFE /* MJConst.m in Sources */,
				18BED61C1C85435E000BC2A0 /* LZSearchBar.m in Sources */,
				18042E281C92F9E100BD3AFE /* SDWebImageDownloaderOperation.m in Sources */,
				18042E641C931F0100BD3AFE /* LZIconView.m in Sources */,
				18042E491C92FBE400BD3AFE /* LZMessageCenterViewController.m in Sources */,
				183C065D1C8F2E890060292D /* LZLoadMoreFooter.m in Sources */,
				18042E2D1C92F9E100BD3AFE /* UIImage+MultiFormat.m in Sources */,
				18042E611C931E2000BD3AFE /* LZStatusPhotoView.m in Sources */,
				18042E311C92F9E100BD3AFE /* UIView+WebCacheOperation.m in Sources */,
				185D394B1C91B76800AA0E00 /* LZStatusToolbar.m in Sources */,
				18BA28A41C8DDA5600BCF0DD /* LZUser.m in Sources */,
				18042E1D1C92F9E100BD3AFE /* MJType.m in Sources */,
				18042E191C92F9E100BD3AFE /* MJFoundation.m in Sources */,
				18042E161C92F9E100BD3AFE /* MBProgressHUD.m in Sources */,
				18E333211C8AF75D00AE5B6E /* Foundation+Log.m in Sources */,
				1834F0A51C81D14C00765525 /* LZHomeViewController.m in Sources */,
				1834F0AF1C81DA0A00765525 /* UIBarButtonItem+LZExtension.m in Sources */,
				18042E241C92F9E100BD3AFE /* SDImageCache.m in Sources */,
			);
			runOnlyForDeploymentPostprocessing = 0;
		};
/* End PBXSourcesBuildPhase section */

/* Begin PBXVariantGroup section */
		1893CF0D1C78114D005C5F66 /* LaunchScreen.storyboard */ = {
			isa = PBXVariantGroup;
			children = (
				1893CF0E1C78114D005C5F66 /* Base */,
			);
			name = LaunchScreen.storyboard;
			sourceTree = "<group>";
		};
/* End PBXVariantGroup section */

/* Begin XCBuildConfiguration section */
		1893CF111C78114D005C5F66 /* Debug */ = {
			isa = XCBuildConfiguration;
			buildSettings = {
				ALWAYS_SEARCH_USER_PATHS = NO;
				CLANG_CXX_LANGUAGE_STANDARD = "gnu++0x";
				CLANG_CXX_LIBRARY = "libc++";
				CLANG_ENABLE_MODULES = YES;
				CLANG_ENABLE_OBJC_ARC = YES;
				CLANG_WARN_BOOL_CONVERSION = YES;
				CLANG_WARN_CONSTANT_CONVERSION = YES;
				CLANG_WARN_DIRECT_OBJC_ISA_USAGE = YES_ERROR;
				CLANG_WARN_EMPTY_BODY = YES;
				CLANG_WARN_ENUM_CONVERSION = YES;
				CLANG_WARN_INT_CONVERSION = YES;
				CLANG_WARN_OBJC_ROOT_CLASS = YES_ERROR;
				CLANG_WARN_UNREACHABLE_CODE = YES;
				CLANG_WARN__DUPLICATE_METHOD_MATCH = YES;
				"CODE_SIGN_IDENTITY[sdk=iphoneos*]" = "iPhone Developer";
				COPY_PHASE_STRIP = NO;
				DEBUG_INFORMATION_FORMAT = dwarf;
				ENABLE_STRICT_OBJC_MSGSEND = YES;
				ENABLE_TESTABILITY = YES;
				GCC_C_LANGUAGE_STANDARD = gnu99;
				GCC_DYNAMIC_NO_PIC = NO;
				GCC_NO_COMMON_BLOCKS = YES;
				GCC_OPTIMIZATION_LEVEL = 0;
				GCC_PREPROCESSOR_DEFINITIONS = (
					"DEBUG=1",
					"$(inherited)",
				);
				GCC_WARN_64_TO_32_BIT_CONVERSION = YES;
				GCC_WARN_ABOUT_RETURN_TYPE = YES_ERROR;
				GCC_WARN_UNDECLARED_SELECTOR = YES;
				GCC_WARN_UNINITIALIZED_AUTOS = YES_AGGRESSIVE;
				GCC_WARN_UNUSED_FUNCTION = YES;
				GCC_WARN_UNUSED_VARIABLE = YES;
				IPHONEOS_DEPLOYMENT_TARGET = 9.2;
				MTL_ENABLE_DEBUG_INFO = YES;
				ONLY_ACTIVE_ARCH = YES;
				SDKROOT = iphoneos;
			};
			name = Debug;
		};
		1893CF121C78114D005C5F66 /* Release */ = {
			isa = XCBuildConfiguration;
			buildSettings = {
				ALWAYS_SEARCH_USER_PATHS = NO;
				CLANG_CXX_LANGUAGE_STANDARD = "gnu++0x";
				CLANG_CXX_LIBRARY = "libc++";
				CLANG_ENABLE_MODULES = YES;
				CLANG_ENABLE_OBJC_ARC = YES;
				CLANG_WARN_BOOL_CONVERSION = YES;
				CLANG_WARN_CONSTANT_CONVERSION = YES;
				CLANG_WARN_DIRECT_OBJC_ISA_USAGE = YES_ERROR;
				CLANG_WARN_EMPTY_BODY = YES;
				CLANG_WARN_ENUM_CONVERSION = YES;
				CLANG_WARN_INT_CONVERSION = YES;
				CLANG_WARN_OBJC_ROOT_CLASS = YES_ERROR;
				CLANG_WARN_UNREACHABLE_CODE = YES;
				CLANG_WARN__DUPLICATE_METHOD_MATCH = YES;
				"CODE_SIGN_IDENTITY[sdk=iphoneos*]" = "iPhone Developer";
				COPY_PHASE_STRIP = NO;
				DEBUG_INFORMATION_FORMAT = "dwarf-with-dsym";
				ENABLE_NS_ASSERTIONS = NO;
				ENABLE_STRICT_OBJC_MSGSEND = YES;
				GCC_C_LANGUAGE_STANDARD = gnu99;
				GCC_NO_COMMON_BLOCKS = YES;
				GCC_WARN_64_TO_32_BIT_CONVERSION = YES;
				GCC_WARN_ABOUT_RETURN_TYPE = YES_ERROR;
				GCC_WARN_UNDECLARED_SELECTOR = YES;
				GCC_WARN_UNINITIALIZED_AUTOS = YES_AGGRESSIVE;
				GCC_WARN_UNUSED_FUNCTION = YES;
				GCC_WARN_UNUSED_VARIABLE = YES;
				IPHONEOS_DEPLOYMENT_TARGET = 9.2;
				MTL_ENABLE_DEBUG_INFO = NO;
				SDKROOT = iphoneos;
				VALIDATE_PRODUCT = YES;
			};
			name = Release;
		};
		1893CF141C78114D005C5F66 /* Debug */ = {
			isa = XCBuildConfiguration;
			buildSettings = {
				ASSETCATALOG_COMPILER_APPICON_NAME = AppIcon;
				ASSETCATALOG_COMPILER_LAUNCHIMAGE_NAME = "Brand Assets";
				CODE_SIGN_IDENTITY = "iPhone Developer";
				"CODE_SIGN_IDENTITY[sdk=iphoneos*]" = "iPhone Developer";
				GCC_PRECOMPILE_PREFIX_HEADER = YES;
				GCC_PREFIX_HEADER = LZWeiBo/LZWeiBo.pch;
				INFOPLIST_FILE = LZWeiBo/Info.plist;
				IPHONEOS_DEPLOYMENT_TARGET = 7.0;
				LD_RUNPATH_SEARCH_PATHS = "$(inherited) @executable_path/Frameworks";
				PRODUCT_BUNDLE_IDENTIFIER = com.m14a.cn.LZWeiBo;
				PRODUCT_NAME = "$(TARGET_NAME)";
				PROVISIONING_PROFILE = "";
			};
			name = Debug;
		};
		1893CF151C78114D005C5F66 /* Release */ = {
			isa = XCBuildConfiguration;
			buildSettings = {
				ASSETCATALOG_COMPILER_APPICON_NAME = AppIcon;
				ASSETCATALOG_COMPILER_LAUNCHIMAGE_NAME = "Brand Assets";
				CODE_SIGN_IDENTITY = "iPhone Developer";
				"CODE_SIGN_IDENTITY[sdk=iphoneos*]" = "iPhone Developer";
				GCC_PRECOMPILE_PREFIX_HEADER = YES;
				GCC_PREFIX_HEADER = LZWeiBo/LZWeiBo.pch;
				INFOPLIST_FILE = LZWeiBo/Info.plist;
				IPHONEOS_DEPLOYMENT_TARGET = 7.0;
				LD_RUNPATH_SEARCH_PATHS = "$(inherited) @executable_path/Frameworks";
				PRODUCT_BUNDLE_IDENTIFIER = com.m14a.cn.LZWeiBo;
				PRODUCT_NAME = "$(TARGET_NAME)";
				PROVISIONING_PROFILE = "";
			};
			name = Release;
		};
/* End XCBuildConfiguration section */

/* Begin XCConfigurationList section */
		1893CEF71C78114D005C5F66 /* Build configuration list for PBXProject "LZWeiBo" */ = {
			isa = XCConfigurationList;
			buildConfigurations = (
				1893CF111C78114D005C5F66 /* Debug */,
				1893CF121C78114D005C5F66 /* Release */,
			);
			defaultConfigurationIsVisible = 0;
			defaultConfigurationName = Release;
		};
		1893CF131C78114D005C5F66 /* Build configuration list for PBXNativeTarget "LZWeiBo" */ = {
			isa = XCConfigurationList;
			buildConfigurations = (
				1893CF141C78114D005C5F66 /* Debug */,
				1893CF151C78114D005C5F66 /* Release */,
			);
			defaultConfigurationIsVisible = 0;
			defaultConfigurationName = Release;
		};
/* End XCConfigurationList section */
	};
	rootObject = 1893CEF41C78114D005C5F66 /* Project object */;
}
