// !$*UTF8*$!
{
	archiveVersion = 1;
	classes = {
	};
	objectVersion = 46;
	objects = {

/* Begin PBXBuildFile section */
		1834F0A41C81D14C00765525 /* LZDiscoverViewController.m in Sources */ = {isa = PBXBuildFile; fileRef = 1834F07F1C81D14C00765525 /* LZDiscoverViewController.m */; };
		1834F0A51C81D14C00765525 /* LZHomeViewController.m in Sources */ = {isa = PBXBuildFile; fileRef = 1834F0851C81D14C00765525 /* LZHomeViewController.m */; };
		1834F0A61C81D14C00765525 /* UIView+LZExtension.m in Sources */ = {isa = PBXBuildFile; fileRef = 1834F08B1C81D14C00765525 /* UIView+LZExtension.m */; };
		1834F0A71C81D14C00765525 /* LZNavigationController.m in Sources */ = {isa = PBXBuildFile; fileRef = 1834F08E1C81D14C00765525 /* LZNavigationController.m */; };
		1834F0A81C81D14C00765525 /* LZTabBarViewController.m in Sources */ = {isa = PBXBuildFile; fileRef = 1834F0901C81D14C00765525 /* LZTabBarViewController.m */; };
		1834F0A91C81D14C00765525 /* AppDelegate.m in Sources */ = {isa = PBXBuildFile; fileRef = 1834F0951C81D14C00765525 /* AppDelegate.m */; };
		1834F0AA1C81D14C00765525 /* main.m in Sources */ = {isa = PBXBuildFile; fileRef = 1834F0961C81D14C00765525 /* main.m */; };
		1834F0AB1C81D14C00765525 /* LZMessageCenterViewController.m in Sources */ = {isa = PBXBuildFile; fileRef = 1834F09B1C81D14C00765525 /* LZMessageCenterViewController.m */; };
		1834F0AC1C81D14C00765525 /* LZProfileViewController.m in Sources */ = {isa = PBXBuildFile; fileRef = 1834F0A11C81D14C00765525 /* LZProfileViewController.m */; };
		1834F0AF1C81DA0A00765525 /* UIBarButtonItem+LZExtension.m in Sources */ = {isa = PBXBuildFile; fileRef = 1834F0AE1C81DA0A00765525 /* UIBarButtonItem+LZExtension.m */; };
		1893CF0C1C78114D005C5F66 /* Assets.xcassets in Resources */ = {isa = PBXBuildFile; fileRef = 1893CF0B1C78114D005C5F66 /* Assets.xcassets */; };
		1893CF0F1C78114D005C5F66 /* LaunchScreen.storyboard in Resources */ = {isa = PBXBuildFile; fileRef = 1893CF0D1C78114D005C5F66 /* LaunchScreen.storyboard */; };
		18BED61C1C85435E000BC2A0 /* LZSearchBar.m in Sources */ = {isa = PBXBuildFile; fileRef = 18BED61B1C85435E000BC2A0 /* LZSearchBar.m */; };
		18BED61F1C856C93000BC2A0 /* LZDropdownMenu.m in Sources */ = {isa = PBXBuildFile; fileRef = 18BED61E1C856C93000BC2A0 /* LZDropdownMenu.m */; };
		18BED6221C858508000BC2A0 /* LZTitleMenuViewController.m in Sources */ = {isa = PBXBuildFile; fileRef = 18BED6211C858508000BC2A0 /* LZTitleMenuViewController.m */; };
/* End PBXBuildFile section */

/* Begin PBXFileReference section */
		1834F07E1C81D14C00765525 /* LZDiscoverViewController.h */ = {isa = PBXFileReference; fileEncoding = 4; lastKnownFileType = sourcecode.c.h; path = LZDiscoverViewController.h; sourceTree = "<group>"; };
		1834F07F1C81D14C00765525 /* LZDiscoverViewController.m */ = {isa = PBXFileReference; fileEncoding = 4; lastKnownFileType = sourcecode.c.objc; path = LZDiscoverViewController.m; sourceTree = "<group>"; };
		1834F0841C81D14C00765525 /* LZHomeViewController.h */ = {isa = PBXFileReference; fileEncoding = 4; lastKnownFileType = sourcecode.c.h; path = LZHomeViewController.h; sourceTree = "<group>"; };
		1834F0851C81D14C00765525 /* LZHomeViewController.m */ = {isa = PBXFileReference; fileEncoding = 4; lastKnownFileType = sourcecode.c.objc; path = LZHomeViewController.m; sourceTree = "<group>"; };
		1834F08A1C81D14C00765525 /* UIView+LZExtension.h */ = {isa = PBXFileReference; fileEncoding = 4; lastKnownFileType = sourcecode.c.h; path = "UIView+LZExtension.h"; sourceTree = "<group>"; };
		1834F08B1C81D14C00765525 /* UIView+LZExtension.m */ = {isa = PBXFileReference; fileEncoding = 4; lastKnownFileType = sourcecode.c.objc; path = "UIView+LZExtension.m"; sourceTree = "<group>"; };
		1834F08D1C81D14C00765525 /* LZNavigationController.h */ = {isa = PBXFileReference; fileEncoding = 4; lastKnownFileType = sourcecode.c.h; path = LZNavigationController.h; sourceTree = "<group>"; };
		1834F08E1C81D14C00765525 /* LZNavigationController.m */ = {isa = PBXFileReference; fileEncoding = 4; lastKnownFileType = sourcecode.c.objc; path = LZNavigationController.m; sourceTree = "<group>"; };
		1834F08F1C81D14C00765525 /* LZTabBarViewController.h */ = {isa = PBXFileReference; fileEncoding = 4; lastKnownFileType = sourcecode.c.h; path = LZTabBarViewController.h; sourceTree = "<group>"; };
		1834F0901C81D14C00765525 /* LZTabBarViewController.m */ = {isa = PBXFileReference; fileEncoding = 4; lastKnownFileType = sourcecode.c.objc; path = LZTabBarViewController.m; sourceTree = "<group>"; };
		1834F0941C81D14C00765525 /* AppDelegate.h */ = {isa = PBXFileReference; fileEncoding = 4; lastKnownFileType = sourcecode.c.h; path = AppDelegate.h; sourceTree = "<group>"; };
		1834F0951C81D14C00765525 /* AppDelegate.m */ = {isa = PBXFileReference; fileEncoding = 4; lastKnownFileType = sourcecode.c.objc; path = AppDelegate.m; sourceTree = "<group>"; };
		1834F0961C81D14C00765525 /* main.m */ = {isa = PBXFileReference; fileEncoding = 4; lastKnownFileType = sourcecode.c.objc; path = main.m; sourceTree = "<group>"; };
		1834F09A1C81D14C00765525 /* LZMessageCenterViewController.h */ = {isa = PBXFileReference; fileEncoding = 4; lastKnownFileType = sourcecode.c.h; path = LZMessageCenterViewController.h; sourceTree = "<group>"; };
		1834F09B1C81D14C00765525 /* LZMessageCenterViewController.m */ = {isa = PBXFileReference; fileEncoding = 4; lastKnownFileType = sourcecode.c.objc; path = LZMessageCenterViewController.m; sourceTree = "<group>"; };
		1834F0A01C81D14C00765525 /* LZProfileViewController.h */ = {isa = PBXFileReference; fileEncoding = 4; lastKnownFileType = sourcecode.c.h; path = LZProfileViewController.h; sourceTree = "<group>"; };
		1834F0A11C81D14C00765525 /* LZProfileViewController.m */ = {isa = PBXFileReference; fileEncoding = 4; lastKnownFileType = sourcecode.c.objc; path = LZProfileViewController.m; sourceTree = "<group>"; };
		1834F0AD1C81DA0A00765525 /* UIBarButtonItem+LZExtension.h */ = {isa = PBXFileReference; fileEncoding = 4; lastKnownFileType = sourcecode.c.h; path = "UIBarButtonItem+LZExtension.h"; sourceTree = "<group>"; };
		1834F0AE1C81DA0A00765525 /* UIBarButtonItem+LZExtension.m */ = {isa = PBXFileReference; fileEncoding = 4; lastKnownFileType = sourcecode.c.objc; path = "UIBarButtonItem+LZExtension.m"; sourceTree = "<group>"; };
		1893CEFC1C78114D005C5F66 /* LZWeiBo.app */ = {isa = PBXFileReference; explicitFileType = wrapper.application; includeInIndex = 0; path = LZWeiBo.app; sourceTree = BUILT_PRODUCTS_DIR; };
		1893CF0B1C78114D005C5F66 /* Assets.xcassets */ = {isa = PBXFileReference; lastKnownFileType = folder.assetcatalog; path = Assets.xcassets; sourceTree = "<group>"; };
		1893CF0E1C78114D005C5F66 /* Base */ = {isa = PBXFileReference; lastKnownFileType = file.storyboard; name = Base; path = Base.lproj/LaunchScreen.storyboard; sourceTree = "<group>"; };
		1893CF101C78114D005C5F66 /* Info.plist */ = {isa = PBXFileReference; lastKnownFileType = text.plist.xml; path = Info.plist; sourceTree = "<group>"; };
		18BED61A1C85435E000BC2A0 /* LZSearchBar.h */ = {isa = PBXFileReference; fileEncoding = 4; lastKnownFileType = sourcecode.c.h; path = LZSearchBar.h; sourceTree = "<group>"; };
		18BED61B1C85435E000BC2A0 /* LZSearchBar.m */ = {isa = PBXFileReference; fileEncoding = 4; lastKnownFileType = sourcecode.c.objc; path = LZSearchBar.m; sourceTree = "<group>"; };
		18BED61D1C856C93000BC2A0 /* LZDropdownMenu.h */ = {isa = PBXFileReference; fileEncoding = 4; lastKnownFileType = sourcecode.c.h; path = LZDropdownMenu.h; sourceTree = "<group>"; };
		18BED61E1C856C93000BC2A0 /* LZDropdownMenu.m */ = {isa = PBXFileReference; fileEncoding = 4; lastKnownFileType = sourcecode.c.objc; path = LZDropdownMenu.m; sourceTree = "<group>"; };
		18BED6201C858508000BC2A0 /* LZTitleMenuViewController.h */ = {isa = PBXFileReference; fileEncoding = 4; lastKnownFileType = sourcecode.c.h; path = LZTitleMenuViewController.h; sourceTree = "<group>"; };
		18BED6211C858508000BC2A0 /* LZTitleMenuViewController.m */ = {isa = PBXFileReference; fileEncoding = 4; lastKnownFileType = sourcecode.c.objc; path = LZTitleMenuViewController.m; sourceTree = "<group>"; };
		18C16A4B1C80B10D00923474 /* LZWeiBo.pch */ = {isa = PBXFileReference; lastKnownFileType = sourcecode.c.h; path = LZWeiBo.pch; sourceTree = "<group>"; };
/* End PBXFileReference section */

/* Begin PBXFrameworksBuildPhase section */
		1893CEF91C78114D005C5F66 /* Frameworks */ = {
			isa = PBXFrameworksBuildPhase;
			buildActionMask = 2147483647;
			files = (
			);
			runOnlyForDeploymentPostprocessing = 0;
		};
/* End PBXFrameworksBuildPhase section */

/* Begin PBXGroup section */
		1834F07C1C81D14C00765525 /* Discover(发现) */ = {
			isa = PBXGroup;
			children = (
				1834F07D1C81D14C00765525 /* Controller */,
				1834F0801C81D14C00765525 /* Model */,
				1834F0811C81D14C00765525 /* View */,
			);
			path = "Discover(发现)";
			sourceTree = "<group>";
		};
		1834F07D1C81D14C00765525 /* Controller */ = {
			isa = PBXGroup;
			children = (
				1834F07E1C81D14C00765525 /* LZDiscoverViewController.h */,
				1834F07F1C81D14C00765525 /* LZDiscoverViewController.m */,
			);
			path = Controller;
			sourceTree = "<group>";
		};
		1834F0801C81D14C00765525 /* Model */ = {
			isa = PBXGroup;
			children = (
			);
			path = Model;
			sourceTree = "<group>";
		};
		1834F0811C81D14C00765525 /* View */ = {
			isa = PBXGroup;
			children = (
			);
			path = View;
			sourceTree = "<group>";
		};
		1834F0821C81D14C00765525 /* Home(首页) */ = {
			isa = PBXGroup;
			children = (
				1834F0831C81D14C00765525 /* Controller */,
				1834F0861C81D14C00765525 /* Model */,
				1834F0871C81D14C00765525 /* View */,
			);
			path = "Home(首页)";
			sourceTree = "<group>";
		};
		1834F0831C81D14C00765525 /* Controller */ = {
			isa = PBXGroup;
			children = (
				1834F0841C81D14C00765525 /* LZHomeViewController.h */,
				1834F0851C81D14C00765525 /* LZHomeViewController.m */,
			);
			path = Controller;
			sourceTree = "<group>";
		};
		1834F0861C81D14C00765525 /* Model */ = {
			isa = PBXGroup;
			children = (
			);
			path = Model;
			sourceTree = "<group>";
		};
		1834F0871C81D14C00765525 /* View */ = {
			isa = PBXGroup;
			children = (
				18BED6201C858508000BC2A0 /* LZTitleMenuViewController.h */,
				18BED6211C858508000BC2A0 /* LZTitleMenuViewController.m */,
			);
			path = View;
			sourceTree = "<group>";
		};
		1834F0881C81D14C00765525 /* Main(主要) */ = {
			isa = PBXGroup;
			children = (
				1834F0891C81D14C00765525 /* Category */,
				1834F08C1C81D14C00765525 /* Controller */,
				1834F0911C81D14C00765525 /* Lib */,
				1834F0921C81D14C00765525 /* Model */,
				1834F0931C81D14C00765525 /* Other */,
				1834F0971C81D14C00765525 /* View */,
			);
			path = "Main(主要)";
			sourceTree = "<group>";
		};
		1834F0891C81D14C00765525 /* Category */ = {
			isa = PBXGroup;
			children = (
				1834F08A1C81D14C00765525 /* UIView+LZExtension.h */,
				1834F08B1C81D14C00765525 /* UIView+LZExtension.m */,
				1834F0AD1C81DA0A00765525 /* UIBarButtonItem+LZExtension.h */,
				1834F0AE1C81DA0A00765525 /* UIBarButtonItem+LZExtension.m */,
			);
			path = Category;
			sourceTree = "<group>";
		};
		1834F08C1C81D14C00765525 /* Controller */ = {
			isa = PBXGroup;
			children = (
				1834F08D1C81D14C00765525 /* LZNavigationController.h */,
				1834F08E1C81D14C00765525 /* LZNavigationController.m */,
				1834F08F1C81D14C00765525 /* LZTabBarViewController.h */,
				1834F0901C81D14C00765525 /* LZTabBarViewController.m */,
			);
			path = Controller;
			sourceTree = "<group>";
		};
		1834F0911C81D14C00765525 /* Lib */ = {
			isa = PBXGroup;
			children = (
			);
			path = Lib;
			sourceTree = "<group>";
		};
		1834F0921C81D14C00765525 /* Model */ = {
			isa = PBXGroup;
			children = (
			);
			path = Model;
			sourceTree = "<group>";
		};
		1834F0931C81D14C00765525 /* Other */ = {
			isa = PBXGroup;
			children = (
				1834F0941C81D14C00765525 /* AppDelegate.h */,
				1834F0951C81D14C00765525 /* AppDelegate.m */,
				1834F0961C81D14C00765525 /* main.m */,
			);
			path = Other;
			sourceTree = "<group>";
		};
		1834F0971C81D14C00765525 /* View */ = {
			isa = PBXGroup;
			children = (
				18BED61A1C85435E000BC2A0 /* LZSearchBar.h */,
				18BED61B1C85435E000BC2A0 /* LZSearchBar.m */,
				18BED61D1C856C93000BC2A0 /* LZDropdownMenu.h */,
				18BED61E1C856C93000BC2A0 /* LZDropdownMenu.m */,
			);
			path = View;
			sourceTree = "<group>";
		};
		1834F0981C81D14C00765525 /* MessageCenter(消息) */ = {
			isa = PBXGroup;
			children = (
				1834F0991C81D14C00765525 /* Controller */,
				1834F09C1C81D14C00765525 /* Model */,
				1834F09D1C81D14C00765525 /* View */,
			);
			path = "MessageCenter(消息)";
			sourceTree = "<group>";
		};
		1834F0991C81D14C00765525 /* Controller */ = {
			isa = PBXGroup;
			children = (
				1834F09A1C81D14C00765525 /* LZMessageCenterViewController.h */,
				1834F09B1C81D14C00765525 /* LZMessageCenterViewController.m */,
			);
			path = Controller;
			sourceTree = "<group>";
		};
		1834F09C1C81D14C00765525 /* Model */ = {
			isa = PBXGroup;
			children = (
			);
			path = Model;
			sourceTree = "<group>";
		};
		1834F09D1C81D14C00765525 /* View */ = {
			isa = PBXGroup;
			children = (
			);
			path = View;
			sourceTree = "<group>";
		};
		1834F09E1C81D14C00765525 /* Profile(我) */ = {
			isa = PBXGroup;
			children = (
				1834F09F1C81D14C00765525 /* Controller */,
				1834F0A21C81D14C00765525 /* Model */,
				1834F0A31C81D14C00765525 /* View */,
			);
			path = "Profile(我)";
			sourceTree = "<group>";
		};
		1834F09F1C81D14C00765525 /* Controller */ = {
			isa = PBXGroup;
			children = (
				1834F0A01C81D14C00765525 /* LZProfileViewController.h */,
				1834F0A11C81D14C00765525 /* LZProfileViewController.m */,
			);
			path = Controller;
			sourceTree = "<group>";
		};
		1834F0A21C81D14C00765525 /* Model */ = {
			isa = PBXGroup;
			children = (
			);
			path = Model;
			sourceTree = "<group>";
		};
		1834F0A31C81D14C00765525 /* View */ = {
			isa = PBXGroup;
			children = (
			);
			path = View;
			sourceTree = "<group>";
		};
		1893CEF31C78114D005C5F66 = {
			isa = PBXGroup;
			children = (
				1893CEFE1C78114D005C5F66 /* LZWeiBo */,
				1893CEFD1C78114D005C5F66 /* Products */,
			);
			sourceTree = "<group>";
		};
		1893CEFD1C78114D005C5F66 /* Products */ = {
			isa = PBXGroup;
			children = (
				1893CEFC1C78114D005C5F66 /* LZWeiBo.app */,
			);
			name = Products;
			sourceTree = "<group>";
		};
		1893CEFE1C78114D005C5F66 /* LZWeiBo */ = {
			isa = PBXGroup;
			children = (
				18C16A451C80AFD600923474 /* Classes */,
				1893CF0B1C78114D005C5F66 /* Assets.xcassets */,
				1893CEFF1C78114D005C5F66 /* Supporting Files */,
			);
			path = LZWeiBo;
			sourceTree = "<group>";
		};
		1893CEFF1C78114D005C5F66 /* Supporting Files */ = {
			isa = PBXGroup;
			children = (
				1893CF0D1C78114D005C5F66 /* LaunchScreen.storyboard */,
				1893CF101C78114D005C5F66 /* Info.plist */,
				18C16A4B1C80B10D00923474 /* LZWeiBo.pch */,
			);
			name = "Supporting Files";
			sourceTree = "<group>";
		};
		18C16A451C80AFD600923474 /* Classes */ = {
			isa = PBXGroup;
			children = (
				1834F07C1C81D14C00765525 /* Discover(发现) */,
				1834F0821C81D14C00765525 /* Home(首页) */,
				1834F0881C81D14C00765525 /* Main(主要) */,
				1834F0981C81D14C00765525 /* MessageCenter(消息) */,
				1834F09E1C81D14C00765525 /* Profile(我) */,
			);
			path = Classes;
			sourceTree = "<group>";
		};
/* End PBXGroup section */

/* Begin PBXNativeTarget section */
		1893CEFB1C78114D005C5F66 /* LZWeiBo */ = {
			isa = PBXNativeTarget;
			buildConfigurationList = 1893CF131C78114D005C5F66 /* Build configuration list for PBXNativeTarget "LZWeiBo" */;
			buildPhases = (
				1893CEF81C78114D005C5F66 /* Sources */,
				1893CEF91C78114D005C5F66 /* Frameworks */,
				1893CEFA1C78114D005C5F66 /* Resources */,
			);
			buildRules = (
			);
			dependencies = (
			);
			name = LZWeiBo;
			productName = LZWeiBo;
			productReference = 1893CEFC1C78114D005C5F66 /* LZWeiBo.app */;
			productType = "com.apple.product-type.application";
		};
/* End PBXNativeTarget section */

/* Begin PBXProject section */
		1893CEF41C78114D005C5F66 /* Project object */ = {
			isa = PBXProject;
			attributes = {
				CLASSPREFIX = LZ;
				LastUpgradeCheck = 0720;
				ORGANIZATIONNAME = m14a;
				TargetAttributes = {
					1893CEFB1C78114D005C5F66 = {
						CreatedOnToolsVersion = 7.2;
					};
				};
			};
			buildConfigurationList = 1893CEF71C78114D005C5F66 /* Build configuration list for PBXProject "LZWeiBo" */;
			compatibilityVersion = "Xcode 3.2";
			developmentRegion = English;
			hasScannedForEncodings = 0;
			knownRegions = (
				en,
				Base,
			);
			mainGroup = 1893CEF31C78114D005C5F66;
			productRefGroup = 1893CEFD1C78114D005C5F66 /* Products */;
			projectDirPath = "";
			projectRoot = "";
			targets = (
				1893CEFB1C78114D005C5F66 /* LZWeiBo */,
			);
		};
/* End PBXProject section */

/* Begin PBXResourcesBuildPhase section */
		1893CEFA1C78114D005C5F66 /* Resources */ = {
			isa = PBXResourcesBuildPhase;
			buildActionMask = 2147483647;
			files = (
				1893CF0F1C78114D005C5F66 /* LaunchScreen.storyboard in Resources */,
				1893CF0C1C78114D005C5F66 /* Assets.xcassets in Resources */,
			);
			runOnlyForDeploymentPostprocessing = 0;
		};
/* End PBXResourcesBuildPhase section */

/* Begin PBXSourcesBuildPhase section */
		1893CEF81C78114D005C5F66 /* Sources */ = {
			isa = PBXSourcesBuildPhase;
			buildActionMask = 2147483647;
			files = (
				1834F0A81C81D14C00765525 /* LZTabBarViewController.m in Sources */,
				1834F0A41C81D14C00765525 /* LZDiscoverViewController.m in Sources */,
				18BED6221C858508000BC2A0 /* LZTitleMenuViewController.m in Sources */,
				1834F0A91C81D14C00765525 /* AppDelegate.m in Sources */,
				18BED61F1C856C93000BC2A0 /* LZDropdownMenu.m in Sources */,
				1834F0A71C81D14C00765525 /* LZNavigationController.m in Sources */,
				1834F0A61C81D14C00765525 /* UIView+LZExtension.m in Sources */,
				1834F0AB1C81D14C00765525 /* LZMessageCenterViewController.m in Sources */,
				18BED61C1C85435E000BC2A0 /* LZSearchBar.m in Sources */,
				1834F0AA1C81D14C00765525 /* main.m in Sources */,
				1834F0A51C81D14C00765525 /* LZHomeViewController.m in Sources */,
				1834F0AF1C81DA0A00765525 /* UIBarButtonItem+LZExtension.m in Sources */,
				1834F0AC1C81D14C00765525 /* LZProfileViewController.m in Sources */,
			);
			runOnlyForDeploymentPostprocessing = 0;
		};
/* End PBXSourcesBuildPhase section */

/* Begin PBXVariantGroup section */
		1893CF0D1C78114D005C5F66 /* LaunchScreen.storyboard */ = {
			isa = PBXVariantGroup;
			children = (
				1893CF0E1C78114D005C5F66 /* Base */,
			);
			name = LaunchScreen.storyboard;
			sourceTree = "<group>";
		};
/* End PBXVariantGroup section */

/* Begin XCBuildConfiguration section */
		1893CF111C78114D005C5F66 /* Debug */ = {
			isa = XCBuildConfiguration;
			buildSettings = {
				ALWAYS_SEARCH_USER_PATHS = NO;
				CLANG_CXX_LANGUAGE_STANDARD = "gnu++0x";
				CLANG_CXX_LIBRARY = "libc++";
				CLANG_ENABLE_MODULES = YES;
				CLANG_ENABLE_OBJC_ARC = YES;
				CLANG_WARN_BOOL_CONVERSION = YES;
				CLANG_WARN_CONSTANT_CONVERSION = YES;
				CLANG_WARN_DIRECT_OBJC_ISA_USAGE = YES_ERROR;
				CLANG_WARN_EMPTY_BODY = YES;
				CLANG_WARN_ENUM_CONVERSION = YES;
				CLANG_WARN_INT_CONVERSION = YES;
				CLANG_WARN_OBJC_ROOT_CLASS = YES_ERROR;
				CLANG_WARN_UNREACHABLE_CODE = YES;
				CLANG_WARN__DUPLICATE_METHOD_MATCH = YES;
				"CODE_SIGN_IDENTITY[sdk=iphoneos*]" = "iPhone Developer";
				COPY_PHASE_STRIP = NO;
				DEBUG_INFORMATION_FORMAT = dwarf;
				ENABLE_STRICT_OBJC_MSGSEND = YES;
				ENABLE_TESTABILITY = YES;
				GCC_C_LANGUAGE_STANDARD = gnu99;
				GCC_DYNAMIC_NO_PIC = NO;
				GCC_NO_COMMON_BLOCKS = YES;
				GCC_OPTIMIZATION_LEVEL = 0;
				GCC_PREPROCESSOR_DEFINITIONS = (
					"DEBUG=1",
					"$(inherited)",
				);
				GCC_WARN_64_TO_32_BIT_CONVERSION = YES;
				GCC_WARN_ABOUT_RETURN_TYPE = YES_ERROR;
				GCC_WARN_UNDECLARED_SELECTOR = YES;
				GCC_WARN_UNINITIALIZED_AUTOS = YES_AGGRESSIVE;
				GCC_WARN_UNUSED_FUNCTION = YES;
				GCC_WARN_UNUSED_VARIABLE = YES;
				IPHONEOS_DEPLOYMENT_TARGET = 9.2;
				MTL_ENABLE_DEBUG_INFO = YES;
				ONLY_ACTIVE_ARCH = YES;
				SDKROOT = iphoneos;
			};
			name = Debug;
		};
		1893CF121C78114D005C5F66 /* Release */ = {
			isa = XCBuildConfiguration;
			buildSettings = {
				ALWAYS_SEARCH_USER_PATHS = NO;
				CLANG_CXX_LANGUAGE_STANDARD = "gnu++0x";
				CLANG_CXX_LIBRARY = "libc++";
				CLANG_ENABLE_MODULES = YES;
				CLANG_ENABLE_OBJC_ARC = YES;
				CLANG_WARN_BOOL_CONVERSION = YES;
				CLANG_WARN_CONSTANT_CONVERSION = YES;
				CLANG_WARN_DIRECT_OBJC_ISA_USAGE = YES_ERROR;
				CLANG_WARN_EMPTY_BODY = YES;
				CLANG_WARN_ENUM_CONVERSION = YES;
				CLANG_WARN_INT_CONVERSION = YES;
				CLANG_WARN_OBJC_ROOT_CLASS = YES_ERROR;
				CLANG_WARN_UNREACHABLE_CODE = YES;
				CLANG_WARN__DUPLICATE_METHOD_MATCH = YES;
				"CODE_SIGN_IDENTITY[sdk=iphoneos*]" = "iPhone Developer";
				COPY_PHASE_STRIP = NO;
				DEBUG_INFORMATION_FORMAT = "dwarf-with-dsym";
				ENABLE_NS_ASSERTIONS = NO;
				ENABLE_STRICT_OBJC_MSGSEND = YES;
				GCC_C_LANGUAGE_STANDARD = gnu99;
				GCC_NO_COMMON_BLOCKS = YES;
				GCC_WARN_64_TO_32_BIT_CONVERSION = YES;
				GCC_WARN_ABOUT_RETURN_TYPE = YES_ERROR;
				GCC_WARN_UNDECLARED_SELECTOR = YES;
				GCC_WARN_UNINITIALIZED_AUTOS = YES_AGGRESSIVE;
				GCC_WARN_UNUSED_FUNCTION = YES;
				GCC_WARN_UNUSED_VARIABLE = YES;
				IPHONEOS_DEPLOYMENT_TARGET = 9.2;
				MTL_ENABLE_DEBUG_INFO = NO;
				SDKROOT = iphoneos;
				VALIDATE_PRODUCT = YES;
			};
			name = Release;
		};
		1893CF141C78114D005C5F66 /* Debug */ = {
			isa = XCBuildConfiguration;
			buildSettings = {
				ASSETCATALOG_COMPILER_APPICON_NAME = AppIcon;
				ASSETCATALOG_COMPILER_LAUNCHIMAGE_NAME = "Brand Assets";
				GCC_PRECOMPILE_PREFIX_HEADER = YES;
				GCC_PREFIX_HEADER = LZWeiBo/LZWeiBo.pch;
				INFOPLIST_FILE = LZWeiBo/Info.plist;
				IPHONEOS_DEPLOYMENT_TARGET = 7.0;
				LD_RUNPATH_SEARCH_PATHS = "$(inherited) @executable_path/Frameworks";
				PRODUCT_BUNDLE_IDENTIFIER = com.m14a.cn.LZWeiBo;
				PRODUCT_NAME = "$(TARGET_NAME)";
			};
			name = Debug;
		};
		1893CF151C78114D005C5F66 /* Release */ = {
			isa = XCBuildConfiguration;
			buildSettings = {
				ASSETCATALOG_COMPILER_APPICON_NAME = AppIcon;
				ASSETCATALOG_COMPILER_LAUNCHIMAGE_NAME = "Brand Assets";
				GCC_PRECOMPILE_PREFIX_HEADER = YES;
				GCC_PREFIX_HEADER = LZWeiBo/LZWeiBo.pch;
				INFOPLIST_FILE = LZWeiBo/Info.plist;
				IPHONEOS_DEPLOYMENT_TARGET = 7.0;
				LD_RUNPATH_SEARCH_PATHS = "$(inherited) @executable_path/Frameworks";
				PRODUCT_BUNDLE_IDENTIFIER = com.m14a.cn.LZWeiBo;
				PRODUCT_NAME = "$(TARGET_NAME)";
			};
			name = Release;
		};
/* End XCBuildConfiguration section */

/* Begin XCConfigurationList section */
		1893CEF71C78114D005C5F66 /* Build configuration list for PBXProject "LZWeiBo" */ = {
			isa = XCConfigurationList;
			buildConfigurations = (
				1893CF111C78114D005C5F66 /* Debug */,
				1893CF121C78114D005C5F66 /* Release */,
			);
			defaultConfigurationIsVisible = 0;
			defaultConfigurationName = Release;
		};
		1893CF131C78114D005C5F66 /* Build configuration list for PBXNativeTarget "LZWeiBo" */ = {
			isa = XCConfigurationList;
			buildConfigurations = (
				1893CF141C78114D005C5F66 /* Debug */,
				1893CF151C78114D005C5F66 /* Release */,
			);
			defaultConfigurationIsVisible = 0;
			defaultConfigurationName = Release;
		};
/* End XCConfigurationList section */
	};
	rootObject = 1893CEF41C78114D005C5F66 /* Project object */;
}
